// !$*UTF8*$!
{
	archiveVersion = 1;
	classes = {
	};
	objectVersion = 46;
	objects = {

/* Begin PBXBuildFile section */
		530B97B51D8060110074454C /* main.m in Sources */ = {isa = PBXBuildFile; fileRef = 530B97B41D8060110074454C /* main.m */; };
		530B97B81D8060110074454C /* AppDelegate.m in Sources */ = {isa = PBXBuildFile; fileRef = 530B97B71D8060110074454C /* AppDelegate.m */; };
		530B97BB1D8060110074454C /* ViewController.m in Sources */ = {isa = PBXBuildFile; fileRef = 530B97BA1D8060110074454C /* ViewController.m */; };
		530B97BE1D8060110074454C /* Main.storyboard in Resources */ = {isa = PBXBuildFile; fileRef = 530B97BC1D8060110074454C /* Main.storyboard */; };
		530B97C01D8060110074454C /* Assets.xcassets in Resources */ = {isa = PBXBuildFile; fileRef = 530B97BF1D8060110074454C /* Assets.xcassets */; };
		530B97C31D8060110074454C /* LaunchScreen.storyboard in Resources */ = {isa = PBXBuildFile; fileRef = 530B97C11D8060110074454C /* LaunchScreen.storyboard */; };
		530B97D21D806BD10074454C /* mainViewController.m in Sources */ = {isa = PBXBuildFile; fileRef = 530B97D11D806BD10074454C /* mainViewController.m */; };
		530B97D91D806C640074454C /* impressionViewController.m in Sources */ = {isa = PBXBuildFile; fileRef = 530B97D81D806C640074454C /* impressionViewController.m */; };
		530B97E01D806CA60074454C /* foundViewController.m in Sources */ = {isa = PBXBuildFile; fileRef = 530B97DF1D806CA60074454C /* foundViewController.m */; };
		530B97E71D806CDC0074454C /* myViewController.m in Sources */ = {isa = PBXBuildFile; fileRef = 530B97E61D806CDC0074454C /* myViewController.m */; };
		5358F32E1D870200003213C0 /* libz.tbd in Frameworks */ = {isa = PBXBuildFile; fileRef = 5358F32D1D870200003213C0 /* libz.tbd */; };
		5358F3301D870211003213C0 /* libicucore.tbd in Frameworks */ = {isa = PBXBuildFile; fileRef = 5358F32F1D870211003213C0 /* libicucore.tbd */; };
		5358F3321D870220003213C0 /* MessageUI.framework in Frameworks */ = {isa = PBXBuildFile; fileRef = 5358F3311D870220003213C0 /* MessageUI.framework */; };
		5358F3341D87022F003213C0 /* JavaScriptCore.framework in Frameworks */ = {isa = PBXBuildFile; fileRef = 5358F3331D87022F003213C0 /* JavaScriptCore.framework */; };
		5358F3361D87023C003213C0 /* libstdc++.tbd in Frameworks */ = {isa = PBXBuildFile; fileRef = 5358F3351D87023C003213C0 /* libstdc++.tbd */; };
		5358F33A1D870251003213C0 /* MOBFoundation.framework in Frameworks */ = {isa = PBXBuildFile; fileRef = 5358F3381D870251003213C0 /* MOBFoundation.framework */; };
		5358F33B1D870251003213C0 /* SMS_SDK.framework in Frameworks */ = {isa = PBXBuildFile; fileRef = 5358F3391D870251003213C0 /* SMS_SDK.framework */; };
		5358F33D1D870271003213C0 /* AddressBook.framework in Frameworks */ = {isa = PBXBuildFile; fileRef = 5358F33C1D870271003213C0 /* AddressBook.framework */; };
		5358F33F1D870276003213C0 /* AddressBookUI.framework in Frameworks */ = {isa = PBXBuildFile; fileRef = 5358F33E1D870276003213C0 /* AddressBookUI.framework */; };
/* End PBXBuildFile section */

/* Begin PBXFileReference section */
		530B97B01D8060110074454C /* newtravel.app */ = {isa = PBXFileReference; explicitFileType = wrapper.application; includeInIndex = 0; path = newtravel.app; sourceTree = BUILT_PRODUCTS_DIR; };
		530B97B41D8060110074454C /* main.m */ = {isa = PBXFileReference; lastKnownFileType = sourcecode.c.objc; path = main.m; sourceTree = "<group>"; };
		530B97B61D8060110074454C /* AppDelegate.h */ = {isa = PBXFileReference; lastKnownFileType = sourcecode.c.h; name = AppDelegate.h; path = newtravel/AppDelegate.h; sourceTree = "<group>"; };
		530B97B71D8060110074454C /* AppDelegate.m */ = {isa = PBXFileReference; lastKnownFileType = sourcecode.c.objc; name = AppDelegate.m; path = newtravel/AppDelegate.m; sourceTree = "<group>"; };
		530B97B91D8060110074454C /* ViewController.h */ = {isa = PBXFileReference; lastKnownFileType = sourcecode.c.h; name = ViewController.h; path = newtravel/ViewController.h; sourceTree = "<group>"; };
		530B97BA1D8060110074454C /* ViewController.m */ = {isa = PBXFileReference; lastKnownFileType = sourcecode.c.objc; name = ViewController.m; path = newtravel/ViewController.m; sourceTree = "<group>"; };
		530B97BD1D8060110074454C /* Base */ = {isa = PBXFileReference; lastKnownFileType = file.storyboard; name = Base; path = Base.lproj/Main.storyboard; sourceTree = "<group>"; };
		530B97BF1D8060110074454C /* Assets.xcassets */ = {isa = PBXFileReference; lastKnownFileType = folder.assetcatalog; name = Assets.xcassets; path = newtravel/Assets.xcassets; sourceTree = "<group>"; };
		530B97C21D8060110074454C /* Base */ = {isa = PBXFileReference; lastKnownFileType = file.storyboard; name = Base; path = Base.lproj/LaunchScreen.storyboard; sourceTree = "<group>"; };
		530B97C41D8060110074454C /* Info.plist */ = {isa = PBXFileReference; lastKnownFileType = text.plist.xml; name = Info.plist; path = newtravel/Info.plist; sourceTree = "<group>"; };
		530B97D01D806BD10074454C /* mainViewController.h */ = {isa = PBXFileReference; fileEncoding = 4; lastKnownFileType = sourcecode.c.h; path = mainViewController.h; sourceTree = "<group>"; };
		530B97D11D806BD10074454C /* mainViewController.m */ = {isa = PBXFileReference; fileEncoding = 4; lastKnownFileType = sourcecode.c.objc; path = mainViewController.m; sourceTree = "<group>"; };
		530B97D71D806C640074454C /* impressionViewController.h */ = {isa = PBXFileReference; fileEncoding = 4; lastKnownFileType = sourcecode.c.h; path = impressionViewController.h; sourceTree = "<group>"; };
		530B97D81D806C640074454C /* impressionViewController.m */ = {isa = PBXFileReference; fileEncoding = 4; lastKnownFileType = sourcecode.c.objc; path = impressionViewController.m; sourceTree = "<group>"; };
		530B97DE1D806CA60074454C /* foundViewController.h */ = {isa = PBXFileReference; fileEncoding = 4; lastKnownFileType = sourcecode.c.h; path = foundViewController.h; sourceTree = "<group>"; };
		530B97DF1D806CA60074454C /* foundViewController.m */ = {isa = PBXFileReference; fileEncoding = 4; lastKnownFileType = sourcecode.c.objc; path = foundViewController.m; sourceTree = "<group>"; };
		530B97E51D806CDC0074454C /* myViewController.h */ = {isa = PBXFileReference; fileEncoding = 4; lastKnownFileType = sourcecode.c.h; path = myViewController.h; sourceTree = "<group>"; };
		530B97E61D806CDC0074454C /* myViewController.m */ = {isa = PBXFileReference; fileEncoding = 4; lastKnownFileType = sourcecode.c.objc; path = myViewController.m; sourceTree = "<group>"; };
		5358F32D1D870200003213C0 /* libz.tbd */ = {isa = PBXFileReference; lastKnownFileType = "sourcecode.text-based-dylib-definition"; name = libz.tbd; path = usr/lib/libz.tbd; sourceTree = SDKROOT; };
		5358F32F1D870211003213C0 /* libicucore.tbd */ = {isa = PBXFileReference; lastKnownFileType = "sourcecode.text-based-dylib-definition"; name = libicucore.tbd; path = usr/lib/libicucore.tbd; sourceTree = SDKROOT; };
		5358F3311D870220003213C0 /* MessageUI.framework */ = {isa = PBXFileReference; lastKnownFileType = wrapper.framework; name = MessageUI.framework; path = System/Library/Frameworks/MessageUI.framework; sourceTree = SDKROOT; };
		5358F3331D87022F003213C0 /* JavaScriptCore.framework */ = {isa = PBXFileReference; lastKnownFileType = wrapper.framework; name = JavaScriptCore.framework; path = System/Library/Frameworks/JavaScriptCore.framework; sourceTree = SDKROOT; };
		5358F3351D87023C003213C0 /* libstdc++.tbd */ = {isa = PBXFileReference; lastKnownFileType = "sourcecode.text-based-dylib-definition"; name = "libstdc++.tbd"; path = "usr/lib/libstdc++.tbd"; sourceTree = SDKROOT; };
		5358F3381D870251003213C0 /* MOBFoundation.framework */ = {isa = PBXFileReference; lastKnownFileType = wrapper.framework; path = MOBFoundation.framework; sourceTree = "<group>"; };
		5358F3391D870251003213C0 /* SMS_SDK.framework */ = {isa = PBXFileReference; lastKnownFileType = wrapper.framework; path = SMS_SDK.framework; sourceTree = "<group>"; };
		5358F33C1D870271003213C0 /* AddressBook.framework */ = {isa = PBXFileReference; lastKnownFileType = wrapper.framework; name = AddressBook.framework; path = System/Library/Frameworks/AddressBook.framework; sourceTree = SDKROOT; };
		5358F33E1D870276003213C0 /* AddressBookUI.framework */ = {isa = PBXFileReference; lastKnownFileType = wrapper.framework; name = AddressBookUI.framework; path = System/Library/Frameworks/AddressBookUI.framework; sourceTree = SDKROOT; };
		5358F3411D870565003213C0 /* PrefixHeader.pch */ = {isa = PBXFileReference; lastKnownFileType = sourcecode.c.h; path = PrefixHeader.pch; sourceTree = "<group>"; };
/* End PBXFileReference section */

/* Begin PBXFrameworksBuildPhase section */
		530B97AD1D8060110074454C /* Frameworks */ = {
			isa = PBXFrameworksBuildPhase;
			buildActionMask = 2147483647;
			files = (
				5358F33F1D870276003213C0 /* AddressBookUI.framework in Frameworks */,
				5358F33D1D870271003213C0 /* AddressBook.framework in Frameworks */,
				5358F33A1D870251003213C0 /* MOBFoundation.framework in Frameworks */,
				5358F3361D87023C003213C0 /* libstdc++.tbd in Frameworks */,
				5358F3341D87022F003213C0 /* JavaScriptCore.framework in Frameworks */,
				5358F3321D870220003213C0 /* MessageUI.framework in Frameworks */,
				5358F33B1D870251003213C0 /* SMS_SDK.framework in Frameworks */,
				5358F3301D870211003213C0 /* libicucore.tbd in Frameworks */,
				5358F32E1D870200003213C0 /* libz.tbd in Frameworks */,
			);
			runOnlyForDeploymentPostprocessing = 0;
		};
/* End PBXFrameworksBuildPhase section */

/* Begin PBXGroup section */
		530B97A71D8060110074454C = {
			isa = PBXGroup;
			children = (
				530B97CB1D8065BD0074454C /* Other */,
				530B97CC1D8065DA0074454C /* Main首页 */,
				530B97D31D806C2D0074454C /* impression印象 */,
				530B97DA1D806C7B0074454C /* found发现 */,
				530B97E11D806CB20074454C /* my我的 */,
				530B97CA1D8065B50074454C /* Framworks */,
				530B97B21D8060110074454C /* newtravel */,
				530B97B11D8060110074454C /* Products */,
			);
			sourceTree = "<group>";
		};
		530B97B11D8060110074454C /* Products */ = {
			isa = PBXGroup;
			children = (
				530B97B01D8060110074454C /* newtravel.app */,
			);
			name = Products;
			sourceTree = "<group>";
		};
		530B97B21D8060110074454C /* newtravel */ = {
			isa = PBXGroup;
			children = (
				530B97B31D8060110074454C /* Supporting Files */,
			);
			path = newtravel;
			sourceTree = "<group>";
		};
		530B97B31D8060110074454C /* Supporting Files */ = {
			isa = PBXGroup;
			children = (
				530B97B41D8060110074454C /* main.m */,
				5358F3411D870565003213C0 /* PrefixHeader.pch */,
			);
			name = "Supporting Files";
			sourceTree = "<group>";
		};
		530B97CA1D8065B50074454C /* Framworks */ = {
			isa = PBXGroup;
			children = (
				5358F33E1D870276003213C0 /* AddressBookUI.framework */,
				5358F33C1D870271003213C0 /* AddressBook.framework */,
				5358F3371D870251003213C0 /* SMS_SDK */,
				5358F3351D87023C003213C0 /* libstdc++.tbd */,
				5358F3331D87022F003213C0 /* JavaScriptCore.framework */,
				5358F3311D870220003213C0 /* MessageUI.framework */,
				5358F32F1D870211003213C0 /* libicucore.tbd */,
				5358F32D1D870200003213C0 /* libz.tbd */,
			);
			name = Framworks;
			sourceTree = "<group>";
		};
		530B97CB1D8065BD0074454C /* Other */ = {
			isa = PBXGroup;
			children = (
				530B97B61D8060110074454C /* AppDelegate.h */,
				530B97B71D8060110074454C /* AppDelegate.m */,
				530B97B91D8060110074454C /* ViewController.h */,
				530B97BA1D8060110074454C /* ViewController.m */,
				530B97BC1D8060110074454C /* Main.storyboard */,
				530B97BF1D8060110074454C /* Assets.xcassets */,
				530B97C11D8060110074454C /* LaunchScreen.storyboard */,
				530B97C41D8060110074454C /* Info.plist */,
			);
			name = Other;
			sourceTree = "<group>";
		};
		530B97CC1D8065DA0074454C /* Main首页 */ = {
			isa = PBXGroup;
			children = (
				530B97CF1D80661E0074454C /* Controller */,
				530B97CE1D80661A0074454C /* View */,
				530B97CD1D8066150074454C /* Model */,
			);
			name = "Main首页";
			sourceTree = "<group>";
		};
		530B97CD1D8066150074454C /* Model */ = {
			isa = PBXGroup;
			children = (
			);
			name = Model;
			sourceTree = "<group>";
		};
		530B97CE1D80661A0074454C /* View */ = {
			isa = PBXGroup;
			children = (
			);
			name = View;
			sourceTree = "<group>";
		};
		530B97CF1D80661E0074454C /* Controller */ = {
			isa = PBXGroup;
			children = (
				530B97D01D806BD10074454C /* mainViewController.h */,
				530B97D11D806BD10074454C /* mainViewController.m */,
			);
			name = Controller;
			sourceTree = "<group>";
		};
		530B97D31D806C2D0074454C /* impression印象 */ = {
			isa = PBXGroup;
			children = (
				530B97D61D806C560074454C /* Controller */,
				530B97D51D806C510074454C /* View */,
				530B97D41D806C4B0074454C /* Model */,
			);
			name = "impression印象";
			sourceTree = "<group>";
		};
		530B97D41D806C4B0074454C /* Model */ = {
			isa = PBXGroup;
			children = (
			);
			name = Model;
			sourceTree = "<group>";
		};
		530B97D51D806C510074454C /* View */ = {
			isa = PBXGroup;
			children = (
			);
			name = View;
			sourceTree = "<group>";
		};
		530B97D61D806C560074454C /* Controller */ = {
			isa = PBXGroup;
			children = (
				530B97D71D806C640074454C /* impressionViewController.h */,
				530B97D81D806C640074454C /* impressionViewController.m */,
			);
			name = Controller;
			sourceTree = "<group>";
		};
		530B97DA1D806C7B0074454C /* found发现 */ = {
			isa = PBXGroup;
			children = (
				530B97DD1D806C990074454C /* Controller */,
				530B97DC1D806C930074454C /* View */,
				530B97DB1D806C8E0074454C /* Model */,
			);
			name = "found发现";
			sourceTree = "<group>";
		};
		530B97DB1D806C8E0074454C /* Model */ = {
			isa = PBXGroup;
			children = (
			);
			name = Model;
			sourceTree = "<group>";
		};
		530B97DC1D806C930074454C /* View */ = {
			isa = PBXGroup;
			children = (
			);
			name = View;
			sourceTree = "<group>";
		};
		530B97DD1D806C990074454C /* Controller */ = {
			isa = PBXGroup;
			children = (
				530B97DE1D806CA60074454C /* foundViewController.h */,
				530B97DF1D806CA60074454C /* foundViewController.m */,
			);
			name = Controller;
			sourceTree = "<group>";
		};
		530B97E11D806CB20074454C /* my我的 */ = {
			isa = PBXGroup;
			children = (
				530B97E41D806CD20074454C /* Controller */,
				530B97E31D806CCB0074454C /* View */,
				530B97E21D806CC40074454C /* Model */,
			);
			name = "my我的";
			sourceTree = "<group>";
		};
		530B97E21D806CC40074454C /* Model */ = {
			isa = PBXGroup;
			children = (
			);
			name = Model;
			sourceTree = "<group>";
		};
		530B97E31D806CCB0074454C /* View */ = {
			isa = PBXGroup;
			children = (
			);
			name = View;
			sourceTree = "<group>";
		};
		530B97E41D806CD20074454C /* Controller */ = {
			isa = PBXGroup;
			children = (
				530B97E51D806CDC0074454C /* myViewController.h */,
				530B97E61D806CDC0074454C /* myViewController.m */,
			);
			name = Controller;
			sourceTree = "<group>";
		};
		5358F3371D870251003213C0 /* SMS_SDK */ = {
			isa = PBXGroup;
			children = (
				5358F3381D870251003213C0 /* MOBFoundation.framework */,
				5358F3391D870251003213C0 /* SMS_SDK.framework */,
			);
			path = SMS_SDK;
			sourceTree = "<group>";
		};
/* End PBXGroup section */

/* Begin PBXNativeTarget section */
		530B97AF1D8060110074454C /* newtravel */ = {
			isa = PBXNativeTarget;
			buildConfigurationList = 530B97C71D8060110074454C /* Build configuration list for PBXNativeTarget "newtravel" */;
			buildPhases = (
				530B97AC1D8060110074454C /* Sources */,
				530B97AD1D8060110074454C /* Frameworks */,
				530B97AE1D8060110074454C /* Resources */,
			);
			buildRules = (
			);
			dependencies = (
			);
			name = newtravel;
			productName = newtravel;
			productReference = 530B97B01D8060110074454C /* newtravel.app */;
			productType = "com.apple.product-type.application";
		};
/* End PBXNativeTarget section */

/* Begin PBXProject section */
		530B97A81D8060110074454C /* Project object */ = {
			isa = PBXProject;
			attributes = {
				LastUpgradeCheck = 0730;
				ORGANIZATIONNAME = wangjungang;
				TargetAttributes = {
					530B97AF1D8060110074454C = {
						CreatedOnToolsVersion = 7.3.1;
					};
				};
			};
			buildConfigurationList = 530B97AB1D8060110074454C /* Build configuration list for PBXProject "newtravel" */;
			compatibilityVersion = "Xcode 3.2";
			developmentRegion = English;
			hasScannedForEncodings = 0;
			knownRegions = (
				en,
				Base,
			);
			mainGroup = 530B97A71D8060110074454C;
			productRefGroup = 530B97B11D8060110074454C /* Products */;
			projectDirPath = "";
			projectRoot = "";
			targets = (
				530B97AF1D8060110074454C /* newtravel */,
			);
		};
/* End PBXProject section */

/* Begin PBXResourcesBuildPhase section */
		530B97AE1D8060110074454C /* Resources */ = {
			isa = PBXResourcesBuildPhase;
			buildActionMask = 2147483647;
			files = (
				530B97C31D8060110074454C /* LaunchScreen.storyboard in Resources */,
				530B97C01D8060110074454C /* Assets.xcassets in Resources */,
				530B97BE1D8060110074454C /* Main.storyboard in Resources */,
			);
			runOnlyForDeploymentPostprocessing = 0;
		};
/* End PBXResourcesBuildPhase section */

/* Begin PBXSourcesBuildPhase section */
		530B97AC1D8060110074454C /* Sources */ = {
			isa = PBXSourcesBuildPhase;
			buildActionMask = 2147483647;
			files = (
				530B97D91D806C640074454C /* impressionViewController.m in Sources */,
				530B97E71D806CDC0074454C /* myViewController.m in Sources */,
				530B97BB1D8060110074454C /* ViewController.m in Sources */,
				530B97B81D8060110074454C /* AppDelegate.m in Sources */,
				530B97B51D8060110074454C /* main.m in Sources */,
				530B97D21D806BD10074454C /* mainViewController.m in Sources */,
				530B97E01D806CA60074454C /* foundViewController.m in Sources */,
			);
			runOnlyForDeploymentPostprocessing = 0;
		};
/* End PBXSourcesBuildPhase section */

/* Begin PBXVariantGroup section */
		530B97BC1D8060110074454C /* Main.storyboard */ = {
			isa = PBXVariantGroup;
			children = (
				530B97BD1D8060110074454C /* Base */,
			);
			name = Main.storyboard;
			path = newtravel;
			sourceTree = "<group>";
		};
		530B97C11D8060110074454C /* LaunchScreen.storyboard */ = {
			isa = PBXVariantGroup;
			children = (
				530B97C21D8060110074454C /* Base */,
			);
			name = LaunchScreen.storyboard;
			path = newtravel;
			sourceTree = "<group>";
		};
/* End PBXVariantGroup section */

/* Begin XCBuildConfiguration section */
		530B97C51D8060110074454C /* Debug */ = {
			isa = XCBuildConfiguration;
			buildSettings = {
				ALWAYS_SEARCH_USER_PATHS = NO;
				CLANG_ANALYZER_NONNULL = YES;
				CLANG_CXX_LANGUAGE_STANDARD = "gnu++0x";
				CLANG_CXX_LIBRARY = "libc++";
				CLANG_ENABLE_MODULES = YES;
				CLANG_ENABLE_OBJC_ARC = YES;
				CLANG_WARN_BOOL_CONVERSION = YES;
				CLANG_WARN_CONSTANT_CONVERSION = YES;
				CLANG_WARN_DIRECT_OBJC_ISA_USAGE = YES_ERROR;
				CLANG_WARN_EMPTY_BODY = YES;
				CLANG_WARN_ENUM_CONVERSION = YES;
				CLANG_WARN_INT_CONVERSION = YES;
				CLANG_WARN_OBJC_ROOT_CLASS = YES_ERROR;
				CLANG_WARN_UNREACHABLE_CODE = YES;
				CLANG_WARN__DUPLICATE_METHOD_MATCH = YES;
				"CODE_SIGN_IDENTITY[sdk=iphoneos*]" = "iPhone Developer";
				COPY_PHASE_STRIP = NO;
				DEBUG_INFORMATION_FORMAT = dwarf;
				ENABLE_STRICT_OBJC_MSGSEND = YES;
				ENABLE_TESTABILITY = YES;
				GCC_C_LANGUAGE_STANDARD = gnu99;
				GCC_DYNAMIC_NO_PIC = NO;
				GCC_NO_COMMON_BLOCKS = YES;
				GCC_OPTIMIZATION_LEVEL = 0;
				GCC_PREPROCESSOR_DEFINITIONS = (
					"DEBUG=1",
					"$(inherited)",
				);
				GCC_WARN_64_TO_32_BIT_CONVERSION = YES;
				GCC_WARN_ABOUT_RETURN_TYPE = YES_ERROR;
				GCC_WARN_UNDECLARED_SELECTOR = YES;
				GCC_WARN_UNINITIALIZED_AUTOS = YES_AGGRESSIVE;
				GCC_WARN_UNUSED_FUNCTION = YES;
				GCC_WARN_UNUSED_VARIABLE = YES;
				IPHONEOS_DEPLOYMENT_TARGET = 9.3;
				MTL_ENABLE_DEBUG_INFO = YES;
				ONLY_ACTIVE_ARCH = YES;
				SDKROOT = iphoneos;
				TARGETED_DEVICE_FAMILY = "1,2";
			};
			name = Debug;
		};
		530B97C61D8060110074454C /* Release */ = {
			isa = XCBuildConfiguration;
			buildSettings = {
				ALWAYS_SEARCH_USER_PATHS = NO;
				CLANG_ANALYZER_NONNULL = YES;
				CLANG_CXX_LANGUAGE_STANDARD = "gnu++0x";
				CLANG_CXX_LIBRARY = "libc++";
				CLANG_ENABLE_MODULES = YES;
				CLANG_ENABLE_OBJC_ARC = YES;
				CLANG_WARN_BOOL_CONVERSION = YES;
				CLANG_WARN_CONSTANT_CONVERSION = YES;
				CLANG_WARN_DIRECT_OBJC_ISA_USAGE = YES_ERROR;
				CLANG_WARN_EMPTY_BODY = YES;
				CLANG_WARN_ENUM_CONVERSION = YES;
				CLANG_WARN_INT_CONVERSION = YES;
				CLANG_WARN_OBJC_ROOT_CLASS = YES_ERROR;
				CLANG_WARN_UNREACHABLE_CODE = YES;
				CLANG_WARN__DUPLICATE_METHOD_MATCH = YES;
				"CODE_SIGN_IDENTITY[sdk=iphoneos*]" = "iPhone Developer";
				COPY_PHASE_STRIP = NO;
				DEBUG_INFORMATION_FORMAT = "dwarf-with-dsym";
				ENABLE_NS_ASSERTIONS = NO;
				ENABLE_STRICT_OBJC_MSGSEND = YES;
				GCC_C_LANGUAGE_STANDARD = gnu99;
				GCC_NO_COMMON_BLOCKS = YES;
				GCC_WARN_64_TO_32_BIT_CONVERSION = YES;
				GCC_WARN_ABOUT_RETURN_TYPE = YES_ERROR;
				GCC_WARN_UNDECLARED_SELECTOR = YES;
				GCC_WARN_UNINITIALIZED_AUTOS = YES_AGGRESSIVE;
				GCC_WARN_UNUSED_FUNCTION = YES;
				GCC_WARN_UNUSED_VARIABLE = YES;
				IPHONEOS_DEPLOYMENT_TARGET = 9.3;
				MTL_ENABLE_DEBUG_INFO = NO;
				SDKROOT = iphoneos;
				TARGETED_DEVICE_FAMILY = "1,2";
				VALIDATE_PRODUCT = YES;
			};
			name = Release;
		};
		530B97C81D8060110074454C /* Debug */ = {
			isa = XCBuildConfiguration;
			buildSettings = {
				ASSETCATALOG_COMPILER_APPICON_NAME = AppIcon;
				FRAMEWORK_SEARCH_PATHS = (
					"$(inherited)",
					"$(PROJECT_DIR)/SMS_SDK",
				);
				GCC_PRECOMPILE_PREFIX_HEADER = YES;
				GCC_PREFIX_HEADER = "$(SRCROOT)/newtravel/PrefixHeader.pch/";
				INFOPLIST_FILE = newtravel/Info.plist;
				LD_RUNPATH_SEARCH_PATHS = "$(inherited) @executable_path/Frameworks";
				PRODUCT_BUNDLE_IDENTIFIER = com.wangjungang.newtravel;
				PRODUCT_NAME = "$(TARGET_NAME)";
			};
			name = Debug;
		};
		530B97C91D8060110074454C /* Release */ = {
			isa = XCBuildConfiguration;
			buildSettings = {
				ASSETCATALOG_COMPILER_APPICON_NAME = AppIcon;
				FRAMEWORK_SEARCH_PATHS = (
					"$(inherited)",
					"$(PROJECT_DIR)/SMS_SDK",
				);
				GCC_PRECOMPILE_PREFIX_HEADER = YES;
				GCC_PREFIX_HEADER = "$(SRCROOT)/newtravel/PrefixHeader.pch/";
				INFOPLIST_FILE = newtravel/Info.plist;
				LD_RUNPATH_SEARCH_PATHS = "$(inherited) @executable_path/Frameworks";
				PRODUCT_BUNDLE_IDENTIFIER = com.wangjungang.newtravel;
				PRODUCT_NAME = "$(TARGET_NAME)";
			};
			name = Release;
		};
/* End XCBuildConfiguration section */

/* Begin XCConfigurationList section */
		530B97AB1D8060110074454C /* Build configuration list for PBXProject "newtravel" */ = {
			isa = XCConfigurationList;
			buildConfigurations = (
				530B97C51D8060110074454C /* Debug */,
				530B97C61D8060110074454C /* Release */,
			);
			defaultConfigurationIsVisible = 0;
			defaultConfigurationName = Release;
		};
		530B97C71D8060110074454C /* Build configuration list for PBXNativeTarget "newtravel" */ = {
			isa = XCConfigurationList;
			buildConfigurations = (
				530B97C81D8060110074454C /* Debug */,
				530B97C91D8060110074454C /* Release */,
			);
			defaultConfigurationIsVisible = 0;
			defaultConfigurationName = Release;
		};
/* End XCConfigurationList section */
	};
	rootObject = 530B97A81D8060110074454C /* Project object */;
}
