// !$*UTF8*$!
{
	archiveVersion = 1;
	classes = {
	};
	objectVersion = 46;
	objects = {

/* Begin PBXBuildFile section */
		530A0F201D885E78004C28FA /* BaiduMapAPI_Base.framework in Frameworks */ = {isa = PBXBuildFile; fileRef = 530A0F191D885E78004C28FA /* BaiduMapAPI_Base.framework */; };
		530A0F211D885E78004C28FA /* BaiduMapAPI_Cloud.framework in Frameworks */ = {isa = PBXBuildFile; fileRef = 530A0F1A1D885E78004C28FA /* BaiduMapAPI_Cloud.framework */; };
		530A0F221D885E78004C28FA /* BaiduMapAPI_Location.framework in Frameworks */ = {isa = PBXBuildFile; fileRef = 530A0F1B1D885E78004C28FA /* BaiduMapAPI_Location.framework */; };
		530A0F231D885E78004C28FA /* BaiduMapAPI_Map.framework in Frameworks */ = {isa = PBXBuildFile; fileRef = 530A0F1C1D885E78004C28FA /* BaiduMapAPI_Map.framework */; };
		530A0F241D885E78004C28FA /* BaiduMapAPI_Radar.framework in Frameworks */ = {isa = PBXBuildFile; fileRef = 530A0F1D1D885E78004C28FA /* BaiduMapAPI_Radar.framework */; };
		530A0F251D885E78004C28FA /* BaiduMapAPI_Search.framework in Frameworks */ = {isa = PBXBuildFile; fileRef = 530A0F1E1D885E78004C28FA /* BaiduMapAPI_Search.framework */; };
		530A0F261D885E78004C28FA /* BaiduMapAPI_Utils.framework in Frameworks */ = {isa = PBXBuildFile; fileRef = 530A0F1F1D885E78004C28FA /* BaiduMapAPI_Utils.framework */; };
		530B97B51D8060110074454C /* main.m in Sources */ = {isa = PBXBuildFile; fileRef = 530B97B41D8060110074454C /* main.m */; };
		530B97B81D8060110074454C /* AppDelegate.mm in Sources */ = {isa = PBXBuildFile; fileRef = 530B97B71D8060110074454C /* AppDelegate.mm */; };
		530B97BB1D8060110074454C /* ViewController.m in Sources */ = {isa = PBXBuildFile; fileRef = 530B97BA1D8060110074454C /* ViewController.m */; };
		530B97BE1D8060110074454C /* Main.storyboard in Resources */ = {isa = PBXBuildFile; fileRef = 530B97BC1D8060110074454C /* Main.storyboard */; };
		530B97C01D8060110074454C /* Assets.xcassets in Resources */ = {isa = PBXBuildFile; fileRef = 530B97BF1D8060110074454C /* Assets.xcassets */; };
		530B97C31D8060110074454C /* LaunchScreen.storyboard in Resources */ = {isa = PBXBuildFile; fileRef = 530B97C11D8060110074454C /* LaunchScreen.storyboard */; };
		530B97D21D806BD10074454C /* mainViewController.m in Sources */ = {isa = PBXBuildFile; fileRef = 530B97D11D806BD10074454C /* mainViewController.m */; };
		530B97D91D806C640074454C /* impressionViewController.m in Sources */ = {isa = PBXBuildFile; fileRef = 530B97D81D806C640074454C /* impressionViewController.m */; };
		530B97E01D806CA60074454C /* foundViewController.m in Sources */ = {isa = PBXBuildFile; fileRef = 530B97DF1D806CA60074454C /* foundViewController.m */; };
		530B97E71D806CDC0074454C /* myViewController.m in Sources */ = {isa = PBXBuildFile; fileRef = 530B97E61D806CDC0074454C /* myViewController.m */; };
		5310351E1D92D96B0079E517 /* MyHeadView.m in Sources */ = {isa = PBXBuildFile; fileRef = 5310351D1D92D96B0079E517 /* MyHeadView.m */; };
		531035211D92D9A00079E517 /* MyFootView.m in Sources */ = {isa = PBXBuildFile; fileRef = 531035201D92D9A00079E517 /* MyFootView.m */; };
		5310FB0A1D8FC7ED00F855FE /* pictripimageView.m in Sources */ = {isa = PBXBuildFile; fileRef = 5310FB091D8FC7ED00F855FE /* pictripimageView.m */; };
		5310FB0D1D8FD5AF00F855FE /* navigationimageView.m in Sources */ = {isa = PBXBuildFile; fileRef = 5310FB0C1D8FD5AF00F855FE /* navigationimageView.m */; };
		5358F32E1D870200003213C0 /* libz.tbd in Frameworks */ = {isa = PBXBuildFile; fileRef = 5358F32D1D870200003213C0 /* libz.tbd */; };
		5358F3301D870211003213C0 /* libicucore.tbd in Frameworks */ = {isa = PBXBuildFile; fileRef = 5358F32F1D870211003213C0 /* libicucore.tbd */; };
		5358F3321D870220003213C0 /* MessageUI.framework in Frameworks */ = {isa = PBXBuildFile; fileRef = 5358F3311D870220003213C0 /* MessageUI.framework */; };
		5358F3341D87022F003213C0 /* JavaScriptCore.framework in Frameworks */ = {isa = PBXBuildFile; fileRef = 5358F3331D87022F003213C0 /* JavaScriptCore.framework */; };
		5358F3361D87023C003213C0 /* libstdc++.tbd in Frameworks */ = {isa = PBXBuildFile; fileRef = 5358F3351D87023C003213C0 /* libstdc++.tbd */; };
		5358F33A1D870251003213C0 /* MOBFoundation.framework in Frameworks */ = {isa = PBXBuildFile; fileRef = 5358F3381D870251003213C0 /* MOBFoundation.framework */; };
		5358F33B1D870251003213C0 /* SMS_SDK.framework in Frameworks */ = {isa = PBXBuildFile; fileRef = 5358F3391D870251003213C0 /* SMS_SDK.framework */; };
		5358F33D1D870271003213C0 /* AddressBook.framework in Frameworks */ = {isa = PBXBuildFile; fileRef = 5358F33C1D870271003213C0 /* AddressBook.framework */; };
		5358F33F1D870276003213C0 /* AddressBookUI.framework in Frameworks */ = {isa = PBXBuildFile; fileRef = 5358F33E1D870276003213C0 /* AddressBookUI.framework */; };
		535E42671D91523700570A07 /* addtripimageView.m in Sources */ = {isa = PBXBuildFile; fileRef = 535E42661D91523700570A07 /* addtripimageView.m */; };
		535E426A1D91524900570A07 /* writetripimageView.m in Sources */ = {isa = PBXBuildFile; fileRef = 535E42691D91524900570A07 /* writetripimageView.m */; };
		53763D581D927DF200A5C804 /* imagecollectionViewController.m in Sources */ = {isa = PBXBuildFile; fileRef = 53763D571D927DF200A5C804 /* imagecollectionViewController.m */; };
		53763D5B1D9280B000A5C804 /* imageCollectionViewCell.m in Sources */ = {isa = PBXBuildFile; fileRef = 53763D5A1D9280B000A5C804 /* imageCollectionViewCell.m */; };
		538E2D3B1D87A01300FC55AF /* WJGTabBarController.m in Sources */ = {isa = PBXBuildFile; fileRef = 538E2D3A1D87A01300FC55AF /* WJGTabBarController.m */; };
		538E2D4A1D87A4B300FC55AF /* AFHTTPSessionManager.m in Sources */ = {isa = PBXBuildFile; fileRef = 538E2D3E1D87A4B300FC55AF /* AFHTTPSessionManager.m */; };
		538E2D4B1D87A4B300FC55AF /* AFNetworkReachabilityManager.m in Sources */ = {isa = PBXBuildFile; fileRef = 538E2D411D87A4B300FC55AF /* AFNetworkReachabilityManager.m */; };
		538E2D4C1D87A4B300FC55AF /* AFSecurityPolicy.m in Sources */ = {isa = PBXBuildFile; fileRef = 538E2D431D87A4B300FC55AF /* AFSecurityPolicy.m */; };
		538E2D4D1D87A4B300FC55AF /* AFURLRequestSerialization.m in Sources */ = {isa = PBXBuildFile; fileRef = 538E2D451D87A4B300FC55AF /* AFURLRequestSerialization.m */; };
		538E2D4E1D87A4B300FC55AF /* AFURLResponseSerialization.m in Sources */ = {isa = PBXBuildFile; fileRef = 538E2D471D87A4B300FC55AF /* AFURLResponseSerialization.m */; };
		538E2D4F1D87A4B300FC55AF /* AFURLSessionManager.m in Sources */ = {isa = PBXBuildFile; fileRef = 538E2D491D87A4B300FC55AF /* AFURLSessionManager.m */; };
		538E2D8C1D87A4F900FC55AF /* MASCompositeConstraint.m in Sources */ = {isa = PBXBuildFile; fileRef = 538E2D521D87A4F900FC55AF /* MASCompositeConstraint.m */; };
		538E2D8D1D87A4F900FC55AF /* MASConstraint.m in Sources */ = {isa = PBXBuildFile; fileRef = 538E2D551D87A4F900FC55AF /* MASConstraint.m */; };
		538E2D8E1D87A4F900FC55AF /* MASConstraintMaker.m in Sources */ = {isa = PBXBuildFile; fileRef = 538E2D571D87A4F900FC55AF /* MASConstraintMaker.m */; };
		538E2D8F1D87A4F900FC55AF /* MASLayoutConstraint.m in Sources */ = {isa = PBXBuildFile; fileRef = 538E2D591D87A4F900FC55AF /* MASLayoutConstraint.m */; };
		538E2D901D87A4F900FC55AF /* MASViewAttribute.m in Sources */ = {isa = PBXBuildFile; fileRef = 538E2D5D1D87A4F900FC55AF /* MASViewAttribute.m */; };
		538E2D911D87A4F900FC55AF /* MASViewConstraint.m in Sources */ = {isa = PBXBuildFile; fileRef = 538E2D5F1D87A4F900FC55AF /* MASViewConstraint.m */; };
		538E2D921D87A4F900FC55AF /* NSArray+MASAdditions.m in Sources */ = {isa = PBXBuildFile; fileRef = 538E2D611D87A4F900FC55AF /* NSArray+MASAdditions.m */; };
		538E2D931D87A4F900FC55AF /* NSLayoutConstraint+MASDebugAdditions.m in Sources */ = {isa = PBXBuildFile; fileRef = 538E2D641D87A4F900FC55AF /* NSLayoutConstraint+MASDebugAdditions.m */; };
		538E2D941D87A4F900FC55AF /* View+MASAdditions.m in Sources */ = {isa = PBXBuildFile; fileRef = 538E2D661D87A4F900FC55AF /* View+MASAdditions.m */; };
		538E2D951D87A4F900FC55AF /* ViewController+MASAdditions.m in Sources */ = {isa = PBXBuildFile; fileRef = 538E2D691D87A4F900FC55AF /* ViewController+MASAdditions.m */; };
		538E2D961D87A4F900FC55AF /* MKAnnotationView+WebCache.m in Sources */ = {isa = PBXBuildFile; fileRef = 538E2D6C1D87A4F900FC55AF /* MKAnnotationView+WebCache.m */; };
		538E2D971D87A4F900FC55AF /* NSData+ImageContentType.m in Sources */ = {isa = PBXBuildFile; fileRef = 538E2D6E1D87A4F900FC55AF /* NSData+ImageContentType.m */; };
		538E2D981D87A4F900FC55AF /* SDImageCache.m in Sources */ = {isa = PBXBuildFile; fileRef = 538E2D701D87A4F900FC55AF /* SDImageCache.m */; };
		538E2D991D87A4F900FC55AF /* SDWebImageCompat.m in Sources */ = {isa = PBXBuildFile; fileRef = 538E2D721D87A4F900FC55AF /* SDWebImageCompat.m */; };
		538E2D9A1D87A4F900FC55AF /* SDWebImageDecoder.m in Sources */ = {isa = PBXBuildFile; fileRef = 538E2D741D87A4F900FC55AF /* SDWebImageDecoder.m */; };
		538E2D9B1D87A4F900FC55AF /* SDWebImageDownloader.m in Sources */ = {isa = PBXBuildFile; fileRef = 538E2D761D87A4F900FC55AF /* SDWebImageDownloader.m */; };
		538E2D9C1D87A4F900FC55AF /* SDWebImageDownloaderOperation.m in Sources */ = {isa = PBXBuildFile; fileRef = 538E2D781D87A4F900FC55AF /* SDWebImageDownloaderOperation.m */; };
		538E2D9D1D87A4F900FC55AF /* SDWebImageManager.m in Sources */ = {isa = PBXBuildFile; fileRef = 538E2D7A1D87A4F900FC55AF /* SDWebImageManager.m */; };
		538E2D9E1D87A4F900FC55AF /* SDWebImagePrefetcher.m in Sources */ = {isa = PBXBuildFile; fileRef = 538E2D7D1D87A4F900FC55AF /* SDWebImagePrefetcher.m */; };
		538E2D9F1D87A4F900FC55AF /* UIButton+WebCache.m in Sources */ = {isa = PBXBuildFile; fileRef = 538E2D7F1D87A4F900FC55AF /* UIButton+WebCache.m */; };
		538E2DA01D87A4F900FC55AF /* UIImage+GIF.m in Sources */ = {isa = PBXBuildFile; fileRef = 538E2D811D87A4F900FC55AF /* UIImage+GIF.m */; };
		538E2DA11D87A4F900FC55AF /* UIImage+MultiFormat.m in Sources */ = {isa = PBXBuildFile; fileRef = 538E2D831D87A4F900FC55AF /* UIImage+MultiFormat.m */; };
		538E2DA21D87A4F900FC55AF /* UIImage+WebP.m in Sources */ = {isa = PBXBuildFile; fileRef = 538E2D851D87A4F900FC55AF /* UIImage+WebP.m */; };
		538E2DA31D87A4F900FC55AF /* UIImageView+HighlightedWebCache.m in Sources */ = {isa = PBXBuildFile; fileRef = 538E2D871D87A4F900FC55AF /* UIImageView+HighlightedWebCache.m */; };
		538E2DA41D87A4F900FC55AF /* UIImageView+WebCache.m in Sources */ = {isa = PBXBuildFile; fileRef = 538E2D891D87A4F900FC55AF /* UIImageView+WebCache.m */; };
		538E2DA51D87A4F900FC55AF /* UIView+WebCacheOperation.m in Sources */ = {isa = PBXBuildFile; fileRef = 538E2D8B1D87A4F900FC55AF /* UIView+WebCacheOperation.m */; };
		538E2DB81D87A53800FC55AF /* FMDatabase.m in Sources */ = {isa = PBXBuildFile; fileRef = 538E2DA81D87A53800FC55AF /* FMDatabase.m */; };
		538E2DB91D87A53800FC55AF /* FMDatabaseAdditions.m in Sources */ = {isa = PBXBuildFile; fileRef = 538E2DAA1D87A53800FC55AF /* FMDatabaseAdditions.m */; };
		538E2DBA1D87A53800FC55AF /* FMDatabasePool.m in Sources */ = {isa = PBXBuildFile; fileRef = 538E2DAC1D87A53800FC55AF /* FMDatabasePool.m */; };
		538E2DBB1D87A53800FC55AF /* FMDatabaseQueue.m in Sources */ = {isa = PBXBuildFile; fileRef = 538E2DAE1D87A53800FC55AF /* FMDatabaseQueue.m */; };
		538E2DBC1D87A53800FC55AF /* FMResultSet.m in Sources */ = {isa = PBXBuildFile; fileRef = 538E2DB11D87A53800FC55AF /* FMResultSet.m */; };
		538E2DBD1D87A53800FC55AF /* MBProgressHUD+XMG.m in Sources */ = {isa = PBXBuildFile; fileRef = 538E2DB41D87A53800FC55AF /* MBProgressHUD+XMG.m */; };
		538E2DBE1D87A53800FC55AF /* MBProgressHUD.bundle in Resources */ = {isa = PBXBuildFile; fileRef = 538E2DB51D87A53800FC55AF /* MBProgressHUD.bundle */; };
		538E2DBF1D87A53800FC55AF /* MBProgressHUD.m in Sources */ = {isa = PBXBuildFile; fileRef = 538E2DB71D87A53800FC55AF /* MBProgressHUD.m */; };
		538E2DC11D87A55400FC55AF /* libsqlite3.0.tbd in Frameworks */ = {isa = PBXBuildFile; fileRef = 538E2DC01D87A55400FC55AF /* libsqlite3.0.tbd */; };
		538E2DC81D87FC5000FC55AF /* friendViewController.m in Sources */ = {isa = PBXBuildFile; fileRef = 538E2DC71D87FC5000FC55AF /* friendViewController.m */; };
		538E2DCB1D88072200FC55AF /* tripimageView.m in Sources */ = {isa = PBXBuildFile; fileRef = 538E2DCA1D88072200FC55AF /* tripimageView.m */; };
		53970AD81D90C967004857B7 /* managementimageView.m in Sources */ = {isa = PBXBuildFile; fileRef = 53970AD71D90C967004857B7 /* managementimageView.m */; };
		53970AE21D910A63004857B7 /* moretripViewController.m in Sources */ = {isa = PBXBuildFile; fileRef = 53970AE11D910A63004857B7 /* moretripViewController.m */; };
		53970AE51D910FC9004857B7 /* tableView.m in Sources */ = {isa = PBXBuildFile; fileRef = 53970AE41D910FC9004857B7 /* tableView.m */; };
		53970AEC1D911B47004857B7 /* travelitViewController.m in Sources */ = {isa = PBXBuildFile; fileRef = 53970AEB1D911B47004857B7 /* travelitViewController.m */; };
		539DD3BB1D936FFE00FBA78A /* tripnavViewController.m in Sources */ = {isa = PBXBuildFile; fileRef = 539DD3BA1D936FFE00FBA78A /* tripnavViewController.m */; };
		539DD3C21D9373B100FBA78A /* tripmanageViewController.m in Sources */ = {isa = PBXBuildFile; fileRef = 539DD3C11D9373B100FBA78A /* tripmanageViewController.m */; };
		539DD3C51D937EF400FBA78A /* manageTableViewCell1.m in Sources */ = {isa = PBXBuildFile; fileRef = 539DD3C41D937EF400FBA78A /* manageTableViewCell1.m */; };
		539DD3C81D937F0100FBA78A /* manageTableViewCell2.m in Sources */ = {isa = PBXBuildFile; fileRef = 539DD3C71D937F0100FBA78A /* manageTableViewCell2.m */; };
		539DD3CB1D937F0E00FBA78A /* manageTableViewCell3.m in Sources */ = {isa = PBXBuildFile; fileRef = 539DD3CA1D937F0E00FBA78A /* manageTableViewCell3.m */; };
		53ACB3931D94D25D005C9A61 /* dialimageView.m in Sources */ = {isa = PBXBuildFile; fileRef = 53ACB3921D94D25D005C9A61 /* dialimageView.m */; };
		53ACB3961D94D84C005C9A61 /* addimageView.m in Sources */ = {isa = PBXBuildFile; fileRef = 53ACB3951D94D84C005C9A61 /* addimageView.m */; };
		53ACB3991D951215005C9A61 /* jinxuanimageView.m in Sources */ = {isa = PBXBuildFile; fileRef = 53ACB3981D951215005C9A61 /* jinxuanimageView.m */; };
		53ACB39C1D9520BA005C9A61 /* CoreLocation.framework in Frameworks */ = {isa = PBXBuildFile; fileRef = 53ACB39B1D9520BA005C9A61 /* CoreLocation.framework */; };
		53ACB39E1D9520C1005C9A61 /* MapKit.framework in Frameworks */ = {isa = PBXBuildFile; fileRef = 53ACB39D1D9520C1005C9A61 /* MapKit.framework */; };
		53ACB3A11D9525F5005C9A61 /* impressTableViewCell.m in Sources */ = {isa = PBXBuildFile; fileRef = 53ACB3A01D9525F5005C9A61 /* impressTableViewCell.m */; };
		53ACB3A41D9541DC005C9A61 /* bottomimageView.m in Sources */ = {isa = PBXBuildFile; fileRef = 53ACB3A31D9541DC005C9A61 /* bottomimageView.m */; };
		53ACB3A61D95458C005C9A61 /* AVFoundation.framework in Frameworks */ = {isa = PBXBuildFile; fileRef = 53ACB3A51D95458C005C9A61 /* AVFoundation.framework */; };
		53ACB3AD1D95466B005C9A61 /* qrcodeViewController.m in Sources */ = {isa = PBXBuildFile; fileRef = 53ACB3AC1D95466B005C9A61 /* qrcodeViewController.m */; };
/* End PBXBuildFile section */

/* Begin PBXFileReference section */
		530A0F191D885E78004C28FA /* BaiduMapAPI_Base.framework */ = {isa = PBXFileReference; lastKnownFileType = wrapper.framework; path = BaiduMapAPI_Base.framework; sourceTree = "<group>"; };
		530A0F1A1D885E78004C28FA /* BaiduMapAPI_Cloud.framework */ = {isa = PBXFileReference; lastKnownFileType = wrapper.framework; path = BaiduMapAPI_Cloud.framework; sourceTree = "<group>"; };
		530A0F1B1D885E78004C28FA /* BaiduMapAPI_Location.framework */ = {isa = PBXFileReference; lastKnownFileType = wrapper.framework; path = BaiduMapAPI_Location.framework; sourceTree = "<group>"; };
		530A0F1C1D885E78004C28FA /* BaiduMapAPI_Map.framework */ = {isa = PBXFileReference; lastKnownFileType = wrapper.framework; path = BaiduMapAPI_Map.framework; sourceTree = "<group>"; };
		530A0F1D1D885E78004C28FA /* BaiduMapAPI_Radar.framework */ = {isa = PBXFileReference; lastKnownFileType = wrapper.framework; path = BaiduMapAPI_Radar.framework; sourceTree = "<group>"; };
		530A0F1E1D885E78004C28FA /* BaiduMapAPI_Search.framework */ = {isa = PBXFileReference; lastKnownFileType = wrapper.framework; path = BaiduMapAPI_Search.framework; sourceTree = "<group>"; };
		530A0F1F1D885E78004C28FA /* BaiduMapAPI_Utils.framework */ = {isa = PBXFileReference; lastKnownFileType = wrapper.framework; path = BaiduMapAPI_Utils.framework; sourceTree = "<group>"; };
		530B97B01D8060110074454C /* newtravel.app */ = {isa = PBXFileReference; explicitFileType = wrapper.application; includeInIndex = 0; path = newtravel.app; sourceTree = BUILT_PRODUCTS_DIR; };
		530B97B41D8060110074454C /* main.m */ = {isa = PBXFileReference; lastKnownFileType = sourcecode.c.objc; path = main.m; sourceTree = "<group>"; };
		530B97B61D8060110074454C /* AppDelegate.h */ = {isa = PBXFileReference; lastKnownFileType = sourcecode.c.h; name = AppDelegate.h; path = newtravel/AppDelegate.h; sourceTree = "<group>"; };
		530B97B71D8060110074454C /* AppDelegate.mm */ = {isa = PBXFileReference; lastKnownFileType = sourcecode.cpp.objcpp; name = AppDelegate.mm; path = newtravel/AppDelegate.mm; sourceTree = "<group>"; };
		530B97B91D8060110074454C /* ViewController.h */ = {isa = PBXFileReference; lastKnownFileType = sourcecode.c.h; name = ViewController.h; path = newtravel/ViewController.h; sourceTree = "<group>"; };
		530B97BA1D8060110074454C /* ViewController.m */ = {isa = PBXFileReference; lastKnownFileType = sourcecode.c.objc; name = ViewController.m; path = newtravel/ViewController.m; sourceTree = "<group>"; };
		530B97BD1D8060110074454C /* Base */ = {isa = PBXFileReference; lastKnownFileType = file.storyboard; name = Base; path = Base.lproj/Main.storyboard; sourceTree = "<group>"; };
		530B97BF1D8060110074454C /* Assets.xcassets */ = {isa = PBXFileReference; lastKnownFileType = folder.assetcatalog; name = Assets.xcassets; path = newtravel/Assets.xcassets; sourceTree = "<group>"; };
		530B97C21D8060110074454C /* Base */ = {isa = PBXFileReference; lastKnownFileType = file.storyboard; name = Base; path = Base.lproj/LaunchScreen.storyboard; sourceTree = "<group>"; };
		530B97C41D8060110074454C /* Info.plist */ = {isa = PBXFileReference; lastKnownFileType = text.plist.xml; name = Info.plist; path = newtravel/Info.plist; sourceTree = "<group>"; };
		530B97D01D806BD10074454C /* mainViewController.h */ = {isa = PBXFileReference; fileEncoding = 4; lastKnownFileType = sourcecode.c.h; path = mainViewController.h; sourceTree = "<group>"; };
		530B97D11D806BD10074454C /* mainViewController.m */ = {isa = PBXFileReference; fileEncoding = 4; lastKnownFileType = sourcecode.c.objc; path = mainViewController.m; sourceTree = "<group>"; };
		530B97D71D806C640074454C /* impressionViewController.h */ = {isa = PBXFileReference; fileEncoding = 4; lastKnownFileType = sourcecode.c.h; path = impressionViewController.h; sourceTree = "<group>"; };
		530B97D81D806C640074454C /* impressionViewController.m */ = {isa = PBXFileReference; fileEncoding = 4; lastKnownFileType = sourcecode.c.objc; path = impressionViewController.m; sourceTree = "<group>"; };
		530B97DE1D806CA60074454C /* foundViewController.h */ = {isa = PBXFileReference; fileEncoding = 4; lastKnownFileType = sourcecode.c.h; path = foundViewController.h; sourceTree = "<group>"; };
		530B97DF1D806CA60074454C /* foundViewController.m */ = {isa = PBXFileReference; fileEncoding = 4; lastKnownFileType = sourcecode.c.objc; path = foundViewController.m; sourceTree = "<group>"; };
		530B97E51D806CDC0074454C /* myViewController.h */ = {isa = PBXFileReference; fileEncoding = 4; lastKnownFileType = sourcecode.c.h; path = myViewController.h; sourceTree = "<group>"; };
		530B97E61D806CDC0074454C /* myViewController.m */ = {isa = PBXFileReference; fileEncoding = 4; lastKnownFileType = sourcecode.c.objc; path = myViewController.m; sourceTree = "<group>"; };
		5310351C1D92D96B0079E517 /* MyHeadView.h */ = {isa = PBXFileReference; fileEncoding = 4; lastKnownFileType = sourcecode.c.h; path = MyHeadView.h; sourceTree = "<group>"; };
		5310351D1D92D96B0079E517 /* MyHeadView.m */ = {isa = PBXFileReference; fileEncoding = 4; lastKnownFileType = sourcecode.c.objc; path = MyHeadView.m; sourceTree = "<group>"; };
		5310351F1D92D9A00079E517 /* MyFootView.h */ = {isa = PBXFileReference; fileEncoding = 4; lastKnownFileType = sourcecode.c.h; path = MyFootView.h; sourceTree = "<group>"; };
		531035201D92D9A00079E517 /* MyFootView.m */ = {isa = PBXFileReference; fileEncoding = 4; lastKnownFileType = sourcecode.c.objc; path = MyFootView.m; sourceTree = "<group>"; };
		5310FB081D8FC7ED00F855FE /* pictripimageView.h */ = {isa = PBXFileReference; fileEncoding = 4; lastKnownFileType = sourcecode.c.h; path = pictripimageView.h; sourceTree = "<group>"; };
		5310FB091D8FC7ED00F855FE /* pictripimageView.m */ = {isa = PBXFileReference; fileEncoding = 4; lastKnownFileType = sourcecode.c.objc; path = pictripimageView.m; sourceTree = "<group>"; };
		5310FB0B1D8FD5AF00F855FE /* navigationimageView.h */ = {isa = PBXFileReference; fileEncoding = 4; lastKnownFileType = sourcecode.c.h; path = navigationimageView.h; sourceTree = "<group>"; };
		5310FB0C1D8FD5AF00F855FE /* navigationimageView.m */ = {isa = PBXFileReference; fileEncoding = 4; lastKnownFileType = sourcecode.c.objc; path = navigationimageView.m; sourceTree = "<group>"; };
		5358F32D1D870200003213C0 /* libz.tbd */ = {isa = PBXFileReference; lastKnownFileType = "sourcecode.text-based-dylib-definition"; name = libz.tbd; path = usr/lib/libz.tbd; sourceTree = SDKROOT; };
		5358F32F1D870211003213C0 /* libicucore.tbd */ = {isa = PBXFileReference; lastKnownFileType = "sourcecode.text-based-dylib-definition"; name = libicucore.tbd; path = usr/lib/libicucore.tbd; sourceTree = SDKROOT; };
		5358F3311D870220003213C0 /* MessageUI.framework */ = {isa = PBXFileReference; lastKnownFileType = wrapper.framework; name = MessageUI.framework; path = System/Library/Frameworks/MessageUI.framework; sourceTree = SDKROOT; };
		5358F3331D87022F003213C0 /* JavaScriptCore.framework */ = {isa = PBXFileReference; lastKnownFileType = wrapper.framework; name = JavaScriptCore.framework; path = System/Library/Frameworks/JavaScriptCore.framework; sourceTree = SDKROOT; };
		5358F3351D87023C003213C0 /* libstdc++.tbd */ = {isa = PBXFileReference; lastKnownFileType = "sourcecode.text-based-dylib-definition"; name = "libstdc++.tbd"; path = "usr/lib/libstdc++.tbd"; sourceTree = SDKROOT; };
		5358F3381D870251003213C0 /* MOBFoundation.framework */ = {isa = PBXFileReference; lastKnownFileType = wrapper.framework; path = MOBFoundation.framework; sourceTree = "<group>"; };
		5358F3391D870251003213C0 /* SMS_SDK.framework */ = {isa = PBXFileReference; lastKnownFileType = wrapper.framework; path = SMS_SDK.framework; sourceTree = "<group>"; };
		5358F33C1D870271003213C0 /* AddressBook.framework */ = {isa = PBXFileReference; lastKnownFileType = wrapper.framework; name = AddressBook.framework; path = System/Library/Frameworks/AddressBook.framework; sourceTree = SDKROOT; };
		5358F33E1D870276003213C0 /* AddressBookUI.framework */ = {isa = PBXFileReference; lastKnownFileType = wrapper.framework; name = AddressBookUI.framework; path = System/Library/Frameworks/AddressBookUI.framework; sourceTree = SDKROOT; };
		5358F3411D870565003213C0 /* PrefixHeader.pch */ = {isa = PBXFileReference; lastKnownFileType = sourcecode.c.h; path = PrefixHeader.pch; sourceTree = "<group>"; };
		535E42651D91523700570A07 /* addtripimageView.h */ = {isa = PBXFileReference; fileEncoding = 4; lastKnownFileType = sourcecode.c.h; path = addtripimageView.h; sourceTree = "<group>"; };
		535E42661D91523700570A07 /* addtripimageView.m */ = {isa = PBXFileReference; fileEncoding = 4; lastKnownFileType = sourcecode.c.objc; path = addtripimageView.m; sourceTree = "<group>"; };
		535E42681D91524900570A07 /* writetripimageView.h */ = {isa = PBXFileReference; fileEncoding = 4; lastKnownFileType = sourcecode.c.h; path = writetripimageView.h; sourceTree = "<group>"; };
		535E42691D91524900570A07 /* writetripimageView.m */ = {isa = PBXFileReference; fileEncoding = 4; lastKnownFileType = sourcecode.c.objc; path = writetripimageView.m; sourceTree = "<group>"; };
		53763D561D927DF200A5C804 /* imagecollectionViewController.h */ = {isa = PBXFileReference; fileEncoding = 4; lastKnownFileType = sourcecode.c.h; path = imagecollectionViewController.h; sourceTree = "<group>"; };
		53763D571D927DF200A5C804 /* imagecollectionViewController.m */ = {isa = PBXFileReference; fileEncoding = 4; lastKnownFileType = sourcecode.c.objc; path = imagecollectionViewController.m; sourceTree = "<group>"; };
		53763D591D9280B000A5C804 /* imageCollectionViewCell.h */ = {isa = PBXFileReference; fileEncoding = 4; lastKnownFileType = sourcecode.c.h; path = imageCollectionViewCell.h; sourceTree = "<group>"; };
		53763D5A1D9280B000A5C804 /* imageCollectionViewCell.m */ = {isa = PBXFileReference; fileEncoding = 4; lastKnownFileType = sourcecode.c.objc; path = imageCollectionViewCell.m; sourceTree = "<group>"; };
		538E2D391D87A01300FC55AF /* WJGTabBarController.h */ = {isa = PBXFileReference; fileEncoding = 4; lastKnownFileType = sourcecode.c.h; path = WJGTabBarController.h; sourceTree = "<group>"; };
		538E2D3A1D87A01300FC55AF /* WJGTabBarController.m */ = {isa = PBXFileReference; fileEncoding = 4; lastKnownFileType = sourcecode.c.objc; path = WJGTabBarController.m; sourceTree = "<group>"; };
		538E2D3D1D87A4B300FC55AF /* AFHTTPSessionManager.h */ = {isa = PBXFileReference; fileEncoding = 4; lastKnownFileType = sourcecode.c.h; path = AFHTTPSessionManager.h; sourceTree = "<group>"; };
		538E2D3E1D87A4B300FC55AF /* AFHTTPSessionManager.m */ = {isa = PBXFileReference; fileEncoding = 4; lastKnownFileType = sourcecode.c.objc; path = AFHTTPSessionManager.m; sourceTree = "<group>"; };
		538E2D3F1D87A4B300FC55AF /* AFNetworking.h */ = {isa = PBXFileReference; fileEncoding = 4; lastKnownFileType = sourcecode.c.h; path = AFNetworking.h; sourceTree = "<group>"; };
		538E2D401D87A4B300FC55AF /* AFNetworkReachabilityManager.h */ = {isa = PBXFileReference; fileEncoding = 4; lastKnownFileType = sourcecode.c.h; path = AFNetworkReachabilityManager.h; sourceTree = "<group>"; };
		538E2D411D87A4B300FC55AF /* AFNetworkReachabilityManager.m */ = {isa = PBXFileReference; fileEncoding = 4; lastKnownFileType = sourcecode.c.objc; path = AFNetworkReachabilityManager.m; sourceTree = "<group>"; };
		538E2D421D87A4B300FC55AF /* AFSecurityPolicy.h */ = {isa = PBXFileReference; fileEncoding = 4; lastKnownFileType = sourcecode.c.h; path = AFSecurityPolicy.h; sourceTree = "<group>"; };
		538E2D431D87A4B300FC55AF /* AFSecurityPolicy.m */ = {isa = PBXFileReference; fileEncoding = 4; lastKnownFileType = sourcecode.c.objc; path = AFSecurityPolicy.m; sourceTree = "<group>"; };
		538E2D441D87A4B300FC55AF /* AFURLRequestSerialization.h */ = {isa = PBXFileReference; fileEncoding = 4; lastKnownFileType = sourcecode.c.h; path = AFURLRequestSerialization.h; sourceTree = "<group>"; };
		538E2D451D87A4B300FC55AF /* AFURLRequestSerialization.m */ = {isa = PBXFileReference; fileEncoding = 4; lastKnownFileType = sourcecode.c.objc; path = AFURLRequestSerialization.m; sourceTree = "<group>"; };
		538E2D461D87A4B300FC55AF /* AFURLResponseSerialization.h */ = {isa = PBXFileReference; fileEncoding = 4; lastKnownFileType = sourcecode.c.h; path = AFURLResponseSerialization.h; sourceTree = "<group>"; };
		538E2D471D87A4B300FC55AF /* AFURLResponseSerialization.m */ = {isa = PBXFileReference; fileEncoding = 4; lastKnownFileType = sourcecode.c.objc; path = AFURLResponseSerialization.m; sourceTree = "<group>"; };
		538E2D481D87A4B300FC55AF /* AFURLSessionManager.h */ = {isa = PBXFileReference; fileEncoding = 4; lastKnownFileType = sourcecode.c.h; path = AFURLSessionManager.h; sourceTree = "<group>"; };
		538E2D491D87A4B300FC55AF /* AFURLSessionManager.m */ = {isa = PBXFileReference; fileEncoding = 4; lastKnownFileType = sourcecode.c.objc; path = AFURLSessionManager.m; sourceTree = "<group>"; };
		538E2D511D87A4F900FC55AF /* MASCompositeConstraint.h */ = {isa = PBXFileReference; fileEncoding = 4; lastKnownFileType = sourcecode.c.h; path = MASCompositeConstraint.h; sourceTree = "<group>"; };
		538E2D521D87A4F900FC55AF /* MASCompositeConstraint.m */ = {isa = PBXFileReference; fileEncoding = 4; lastKnownFileType = sourcecode.c.objc; path = MASCompositeConstraint.m; sourceTree = "<group>"; };
		538E2D531D87A4F900FC55AF /* MASConstraint+Private.h */ = {isa = PBXFileReference; fileEncoding = 4; lastKnownFileType = sourcecode.c.h; path = "MASConstraint+Private.h"; sourceTree = "<group>"; };
		538E2D541D87A4F900FC55AF /* MASConstraint.h */ = {isa = PBXFileReference; fileEncoding = 4; lastKnownFileType = sourcecode.c.h; path = MASConstraint.h; sourceTree = "<group>"; };
		538E2D551D87A4F900FC55AF /* MASConstraint.m */ = {isa = PBXFileReference; fileEncoding = 4; lastKnownFileType = sourcecode.c.objc; path = MASConstraint.m; sourceTree = "<group>"; };
		538E2D561D87A4F900FC55AF /* MASConstraintMaker.h */ = {isa = PBXFileReference; fileEncoding = 4; lastKnownFileType = sourcecode.c.h; path = MASConstraintMaker.h; sourceTree = "<group>"; };
		538E2D571D87A4F900FC55AF /* MASConstraintMaker.m */ = {isa = PBXFileReference; fileEncoding = 4; lastKnownFileType = sourcecode.c.objc; path = MASConstraintMaker.m; sourceTree = "<group>"; };
		538E2D581D87A4F900FC55AF /* MASLayoutConstraint.h */ = {isa = PBXFileReference; fileEncoding = 4; lastKnownFileType = sourcecode.c.h; path = MASLayoutConstraint.h; sourceTree = "<group>"; };
		538E2D591D87A4F900FC55AF /* MASLayoutConstraint.m */ = {isa = PBXFileReference; fileEncoding = 4; lastKnownFileType = sourcecode.c.objc; path = MASLayoutConstraint.m; sourceTree = "<group>"; };
		538E2D5A1D87A4F900FC55AF /* Masonry.h */ = {isa = PBXFileReference; fileEncoding = 4; lastKnownFileType = sourcecode.c.h; path = Masonry.h; sourceTree = "<group>"; };
		538E2D5B1D87A4F900FC55AF /* MASUtilities.h */ = {isa = PBXFileReference; fileEncoding = 4; lastKnownFileType = sourcecode.c.h; path = MASUtilities.h; sourceTree = "<group>"; };
		538E2D5C1D87A4F900FC55AF /* MASViewAttribute.h */ = {isa = PBXFileReference; fileEncoding = 4; lastKnownFileType = sourcecode.c.h; path = MASViewAttribute.h; sourceTree = "<group>"; };
		538E2D5D1D87A4F900FC55AF /* MASViewAttribute.m */ = {isa = PBXFileReference; fileEncoding = 4; lastKnownFileType = sourcecode.c.objc; path = MASViewAttribute.m; sourceTree = "<group>"; };
		538E2D5E1D87A4F900FC55AF /* MASViewConstraint.h */ = {isa = PBXFileReference; fileEncoding = 4; lastKnownFileType = sourcecode.c.h; path = MASViewConstraint.h; sourceTree = "<group>"; };
		538E2D5F1D87A4F900FC55AF /* MASViewConstraint.m */ = {isa = PBXFileReference; fileEncoding = 4; lastKnownFileType = sourcecode.c.objc; path = MASViewConstraint.m; sourceTree = "<group>"; };
		538E2D601D87A4F900FC55AF /* NSArray+MASAdditions.h */ = {isa = PBXFileReference; fileEncoding = 4; lastKnownFileType = sourcecode.c.h; path = "NSArray+MASAdditions.h"; sourceTree = "<group>"; };
		538E2D611D87A4F900FC55AF /* NSArray+MASAdditions.m */ = {isa = PBXFileReference; fileEncoding = 4; lastKnownFileType = sourcecode.c.objc; path = "NSArray+MASAdditions.m"; sourceTree = "<group>"; };
		538E2D621D87A4F900FC55AF /* NSArray+MASShorthandAdditions.h */ = {isa = PBXFileReference; fileEncoding = 4; lastKnownFileType = sourcecode.c.h; path = "NSArray+MASShorthandAdditions.h"; sourceTree = "<group>"; };
		538E2D631D87A4F900FC55AF /* NSLayoutConstraint+MASDebugAdditions.h */ = {isa = PBXFileReference; fileEncoding = 4; lastKnownFileType = sourcecode.c.h; path = "NSLayoutConstraint+MASDebugAdditions.h"; sourceTree = "<group>"; };
		538E2D641D87A4F900FC55AF /* NSLayoutConstraint+MASDebugAdditions.m */ = {isa = PBXFileReference; fileEncoding = 4; lastKnownFileType = sourcecode.c.objc; path = "NSLayoutConstraint+MASDebugAdditions.m"; sourceTree = "<group>"; };
		538E2D651D87A4F900FC55AF /* View+MASAdditions.h */ = {isa = PBXFileReference; fileEncoding = 4; lastKnownFileType = sourcecode.c.h; path = "View+MASAdditions.h"; sourceTree = "<group>"; };
		538E2D661D87A4F900FC55AF /* View+MASAdditions.m */ = {isa = PBXFileReference; fileEncoding = 4; lastKnownFileType = sourcecode.c.objc; path = "View+MASAdditions.m"; sourceTree = "<group>"; };
		538E2D671D87A4F900FC55AF /* View+MASShorthandAdditions.h */ = {isa = PBXFileReference; fileEncoding = 4; lastKnownFileType = sourcecode.c.h; path = "View+MASShorthandAdditions.h"; sourceTree = "<group>"; };
		538E2D681D87A4F900FC55AF /* ViewController+MASAdditions.h */ = {isa = PBXFileReference; fileEncoding = 4; lastKnownFileType = sourcecode.c.h; path = "ViewController+MASAdditions.h"; sourceTree = "<group>"; };
		538E2D691D87A4F900FC55AF /* ViewController+MASAdditions.m */ = {isa = PBXFileReference; fileEncoding = 4; lastKnownFileType = sourcecode.c.objc; path = "ViewController+MASAdditions.m"; sourceTree = "<group>"; };
		538E2D6B1D87A4F900FC55AF /* MKAnnotationView+WebCache.h */ = {isa = PBXFileReference; fileEncoding = 4; lastKnownFileType = sourcecode.c.h; path = "MKAnnotationView+WebCache.h"; sourceTree = "<group>"; };
		538E2D6C1D87A4F900FC55AF /* MKAnnotationView+WebCache.m */ = {isa = PBXFileReference; fileEncoding = 4; lastKnownFileType = sourcecode.c.objc; path = "MKAnnotationView+WebCache.m"; sourceTree = "<group>"; };
		538E2D6D1D87A4F900FC55AF /* NSData+ImageContentType.h */ = {isa = PBXFileReference; fileEncoding = 4; lastKnownFileType = sourcecode.c.h; path = "NSData+ImageContentType.h"; sourceTree = "<group>"; };
		538E2D6E1D87A4F900FC55AF /* NSData+ImageContentType.m */ = {isa = PBXFileReference; fileEncoding = 4; lastKnownFileType = sourcecode.c.objc; path = "NSData+ImageContentType.m"; sourceTree = "<group>"; };
		538E2D6F1D87A4F900FC55AF /* SDImageCache.h */ = {isa = PBXFileReference; fileEncoding = 4; lastKnownFileType = sourcecode.c.h; path = SDImageCache.h; sourceTree = "<group>"; };
		538E2D701D87A4F900FC55AF /* SDImageCache.m */ = {isa = PBXFileReference; fileEncoding = 4; lastKnownFileType = sourcecode.c.objc; path = SDImageCache.m; sourceTree = "<group>"; };
		538E2D711D87A4F900FC55AF /* SDWebImageCompat.h */ = {isa = PBXFileReference; fileEncoding = 4; lastKnownFileType = sourcecode.c.h; path = SDWebImageCompat.h; sourceTree = "<group>"; };
		538E2D721D87A4F900FC55AF /* SDWebImageCompat.m */ = {isa = PBXFileReference; fileEncoding = 4; lastKnownFileType = sourcecode.c.objc; path = SDWebImageCompat.m; sourceTree = "<group>"; };
		538E2D731D87A4F900FC55AF /* SDWebImageDecoder.h */ = {isa = PBXFileReference; fileEncoding = 4; lastKnownFileType = sourcecode.c.h; path = SDWebImageDecoder.h; sourceTree = "<group>"; };
		538E2D741D87A4F900FC55AF /* SDWebImageDecoder.m */ = {isa = PBXFileReference; fileEncoding = 4; lastKnownFileType = sourcecode.c.objc; path = SDWebImageDecoder.m; sourceTree = "<group>"; };
		538E2D751D87A4F900FC55AF /* SDWebImageDownloader.h */ = {isa = PBXFileReference; fileEncoding = 4; lastKnownFileType = sourcecode.c.h; path = SDWebImageDownloader.h; sourceTree = "<group>"; };
		538E2D761D87A4F900FC55AF /* SDWebImageDownloader.m */ = {isa = PBXFileReference; fileEncoding = 4; lastKnownFileType = sourcecode.c.objc; path = SDWebImageDownloader.m; sourceTree = "<group>"; };
		538E2D771D87A4F900FC55AF /* SDWebImageDownloaderOperation.h */ = {isa = PBXFileReference; fileEncoding = 4; lastKnownFileType = sourcecode.c.h; path = SDWebImageDownloaderOperation.h; sourceTree = "<group>"; };
		538E2D781D87A4F900FC55AF /* SDWebImageDownloaderOperation.m */ = {isa = PBXFileReference; fileEncoding = 4; lastKnownFileType = sourcecode.c.objc; path = SDWebImageDownloaderOperation.m; sourceTree = "<group>"; };
		538E2D791D87A4F900FC55AF /* SDWebImageManager.h */ = {isa = PBXFileReference; fileEncoding = 4; lastKnownFileType = sourcecode.c.h; path = SDWebImageManager.h; sourceTree = "<group>"; };
		538E2D7A1D87A4F900FC55AF /* SDWebImageManager.m */ = {isa = PBXFileReference; fileEncoding = 4; lastKnownFileType = sourcecode.c.objc; path = SDWebImageManager.m; sourceTree = "<group>"; };
		538E2D7B1D87A4F900FC55AF /* SDWebImageOperation.h */ = {isa = PBXFileReference; fileEncoding = 4; lastKnownFileType = sourcecode.c.h; path = SDWebImageOperation.h; sourceTree = "<group>"; };
		538E2D7C1D87A4F900FC55AF /* SDWebImagePrefetcher.h */ = {isa = PBXFileReference; fileEncoding = 4; lastKnownFileType = sourcecode.c.h; path = SDWebImagePrefetcher.h; sourceTree = "<group>"; };
		538E2D7D1D87A4F900FC55AF /* SDWebImagePrefetcher.m */ = {isa = PBXFileReference; fileEncoding = 4; lastKnownFileType = sourcecode.c.objc; path = SDWebImagePrefetcher.m; sourceTree = "<group>"; };
		538E2D7E1D87A4F900FC55AF /* UIButton+WebCache.h */ = {isa = PBXFileReference; fileEncoding = 4; lastKnownFileType = sourcecode.c.h; path = "UIButton+WebCache.h"; sourceTree = "<group>"; };
		538E2D7F1D87A4F900FC55AF /* UIButton+WebCache.m */ = {isa = PBXFileReference; fileEncoding = 4; lastKnownFileType = sourcecode.c.objc; path = "UIButton+WebCache.m"; sourceTree = "<group>"; };
		538E2D801D87A4F900FC55AF /* UIImage+GIF.h */ = {isa = PBXFileReference; fileEncoding = 4; lastKnownFileType = sourcecode.c.h; path = "UIImage+GIF.h"; sourceTree = "<group>"; };
		538E2D811D87A4F900FC55AF /* UIImage+GIF.m */ = {isa = PBXFileReference; fileEncoding = 4; lastKnownFileType = sourcecode.c.objc; path = "UIImage+GIF.m"; sourceTree = "<group>"; };
		538E2D821D87A4F900FC55AF /* UIImage+MultiFormat.h */ = {isa = PBXFileReference; fileEncoding = 4; lastKnownFileType = sourcecode.c.h; path = "UIImage+MultiFormat.h"; sourceTree = "<group>"; };
		538E2D831D87A4F900FC55AF /* UIImage+MultiFormat.m */ = {isa = PBXFileReference; fileEncoding = 4; lastKnownFileType = sourcecode.c.objc; path = "UIImage+MultiFormat.m"; sourceTree = "<group>"; };
		538E2D841D87A4F900FC55AF /* UIImage+WebP.h */ = {isa = PBXFileReference; fileEncoding = 4; lastKnownFileType = sourcecode.c.h; path = "UIImage+WebP.h"; sourceTree = "<group>"; };
		538E2D851D87A4F900FC55AF /* UIImage+WebP.m */ = {isa = PBXFileReference; fileEncoding = 4; lastKnownFileType = sourcecode.c.objc; path = "UIImage+WebP.m"; sourceTree = "<group>"; };
		538E2D861D87A4F900FC55AF /* UIImageView+HighlightedWebCache.h */ = {isa = PBXFileReference; fileEncoding = 4; lastKnownFileType = sourcecode.c.h; path = "UIImageView+HighlightedWebCache.h"; sourceTree = "<group>"; };
		538E2D871D87A4F900FC55AF /* UIImageView+HighlightedWebCache.m */ = {isa = PBXFileReference; fileEncoding = 4; lastKnownFileType = sourcecode.c.objc; path = "UIImageView+HighlightedWebCache.m"; sourceTree = "<group>"; };
		538E2D881D87A4F900FC55AF /* UIImageView+WebCache.h */ = {isa = PBXFileReference; fileEncoding = 4; lastKnownFileType = sourcecode.c.h; path = "UIImageView+WebCache.h"; sourceTree = "<group>"; };
		538E2D891D87A4F900FC55AF /* UIImageView+WebCache.m */ = {isa = PBXFileReference; fileEncoding = 4; lastKnownFileType = sourcecode.c.objc; path = "UIImageView+WebCache.m"; sourceTree = "<group>"; };
		538E2D8A1D87A4F900FC55AF /* UIView+WebCacheOperation.h */ = {isa = PBXFileReference; fileEncoding = 4; lastKnownFileType = sourcecode.c.h; path = "UIView+WebCacheOperation.h"; sourceTree = "<group>"; };
		538E2D8B1D87A4F900FC55AF /* UIView+WebCacheOperation.m */ = {isa = PBXFileReference; fileEncoding = 4; lastKnownFileType = sourcecode.c.objc; path = "UIView+WebCacheOperation.m"; sourceTree = "<group>"; };
		538E2DA71D87A53800FC55AF /* FMDatabase.h */ = {isa = PBXFileReference; fileEncoding = 4; lastKnownFileType = sourcecode.c.h; path = FMDatabase.h; sourceTree = "<group>"; };
		538E2DA81D87A53800FC55AF /* FMDatabase.m */ = {isa = PBXFileReference; fileEncoding = 4; lastKnownFileType = sourcecode.c.objc; path = FMDatabase.m; sourceTree = "<group>"; };
		538E2DA91D87A53800FC55AF /* FMDatabaseAdditions.h */ = {isa = PBXFileReference; fileEncoding = 4; lastKnownFileType = sourcecode.c.h; path = FMDatabaseAdditions.h; sourceTree = "<group>"; };
		538E2DAA1D87A53800FC55AF /* FMDatabaseAdditions.m */ = {isa = PBXFileReference; fileEncoding = 4; lastKnownFileType = sourcecode.c.objc; path = FMDatabaseAdditions.m; sourceTree = "<group>"; };
		538E2DAB1D87A53800FC55AF /* FMDatabasePool.h */ = {isa = PBXFileReference; fileEncoding = 4; lastKnownFileType = sourcecode.c.h; path = FMDatabasePool.h; sourceTree = "<group>"; };
		538E2DAC1D87A53800FC55AF /* FMDatabasePool.m */ = {isa = PBXFileReference; fileEncoding = 4; lastKnownFileType = sourcecode.c.objc; path = FMDatabasePool.m; sourceTree = "<group>"; };
		538E2DAD1D87A53800FC55AF /* FMDatabaseQueue.h */ = {isa = PBXFileReference; fileEncoding = 4; lastKnownFileType = sourcecode.c.h; path = FMDatabaseQueue.h; sourceTree = "<group>"; };
		538E2DAE1D87A53800FC55AF /* FMDatabaseQueue.m */ = {isa = PBXFileReference; fileEncoding = 4; lastKnownFileType = sourcecode.c.objc; path = FMDatabaseQueue.m; sourceTree = "<group>"; };
		538E2DAF1D87A53800FC55AF /* FMDB.h */ = {isa = PBXFileReference; fileEncoding = 4; lastKnownFileType = sourcecode.c.h; path = FMDB.h; sourceTree = "<group>"; };
		538E2DB01D87A53800FC55AF /* FMResultSet.h */ = {isa = PBXFileReference; fileEncoding = 4; lastKnownFileType = sourcecode.c.h; path = FMResultSet.h; sourceTree = "<group>"; };
		538E2DB11D87A53800FC55AF /* FMResultSet.m */ = {isa = PBXFileReference; fileEncoding = 4; lastKnownFileType = sourcecode.c.objc; path = FMResultSet.m; sourceTree = "<group>"; };
		538E2DB31D87A53800FC55AF /* MBProgressHUD+XMG.h */ = {isa = PBXFileReference; fileEncoding = 4; lastKnownFileType = sourcecode.c.h; path = "MBProgressHUD+XMG.h"; sourceTree = "<group>"; };
		538E2DB41D87A53800FC55AF /* MBProgressHUD+XMG.m */ = {isa = PBXFileReference; fileEncoding = 4; lastKnownFileType = sourcecode.c.objc; path = "MBProgressHUD+XMG.m"; sourceTree = "<group>"; };
		538E2DB51D87A53800FC55AF /* MBProgressHUD.bundle */ = {isa = PBXFileReference; lastKnownFileType = "wrapper.plug-in"; path = MBProgressHUD.bundle; sourceTree = "<group>"; };
		538E2DB61D87A53800FC55AF /* MBProgressHUD.h */ = {isa = PBXFileReference; fileEncoding = 4; lastKnownFileType = sourcecode.c.h; path = MBProgressHUD.h; sourceTree = "<group>"; };
		538E2DB71D87A53800FC55AF /* MBProgressHUD.m */ = {isa = PBXFileReference; fileEncoding = 4; lastKnownFileType = sourcecode.c.objc; path = MBProgressHUD.m; sourceTree = "<group>"; };
		538E2DC01D87A55400FC55AF /* libsqlite3.0.tbd */ = {isa = PBXFileReference; lastKnownFileType = "sourcecode.text-based-dylib-definition"; name = libsqlite3.0.tbd; path = usr/lib/libsqlite3.0.tbd; sourceTree = SDKROOT; };
		538E2DC61D87FC5000FC55AF /* friendViewController.h */ = {isa = PBXFileReference; fileEncoding = 4; lastKnownFileType = sourcecode.c.h; path = friendViewController.h; sourceTree = "<group>"; };
		538E2DC71D87FC5000FC55AF /* friendViewController.m */ = {isa = PBXFileReference; fileEncoding = 4; lastKnownFileType = sourcecode.c.objc; path = friendViewController.m; sourceTree = "<group>"; };
		538E2DC91D88072200FC55AF /* tripimageView.h */ = {isa = PBXFileReference; fileEncoding = 4; lastKnownFileType = sourcecode.c.h; path = tripimageView.h; sourceTree = "<group>"; };
		538E2DCA1D88072200FC55AF /* tripimageView.m */ = {isa = PBXFileReference; fileEncoding = 4; lastKnownFileType = sourcecode.c.objc; path = tripimageView.m; sourceTree = "<group>"; };
		53970AD61D90C967004857B7 /* managementimageView.h */ = {isa = PBXFileReference; fileEncoding = 4; lastKnownFileType = sourcecode.c.h; path = managementimageView.h; sourceTree = "<group>"; };
		53970AD71D90C967004857B7 /* managementimageView.m */ = {isa = PBXFileReference; fileEncoding = 4; lastKnownFileType = sourcecode.c.objc; path = managementimageView.m; sourceTree = "<group>"; };
		53970AE01D910A63004857B7 /* moretripViewController.h */ = {isa = PBXFileReference; fileEncoding = 4; lastKnownFileType = sourcecode.c.h; path = moretripViewController.h; sourceTree = "<group>"; };
		53970AE11D910A63004857B7 /* moretripViewController.m */ = {isa = PBXFileReference; fileEncoding = 4; lastKnownFileType = sourcecode.c.objc; path = moretripViewController.m; sourceTree = "<group>"; };
		53970AE31D910FC9004857B7 /* tableView.h */ = {isa = PBXFileReference; fileEncoding = 4; lastKnownFileType = sourcecode.c.h; path = tableView.h; sourceTree = "<group>"; };
		53970AE41D910FC9004857B7 /* tableView.m */ = {isa = PBXFileReference; fileEncoding = 4; lastKnownFileType = sourcecode.c.objc; path = tableView.m; sourceTree = "<group>"; };
		53970AEA1D911B47004857B7 /* travelitViewController.h */ = {isa = PBXFileReference; fileEncoding = 4; lastKnownFileType = sourcecode.c.h; path = travelitViewController.h; sourceTree = "<group>"; };
		53970AEB1D911B47004857B7 /* travelitViewController.m */ = {isa = PBXFileReference; fileEncoding = 4; lastKnownFileType = sourcecode.c.objc; path = travelitViewController.m; sourceTree = "<group>"; };
		539DD3B91D936FFE00FBA78A /* tripnavViewController.h */ = {isa = PBXFileReference; fileEncoding = 4; lastKnownFileType = sourcecode.c.h; path = tripnavViewController.h; sourceTree = "<group>"; };
		539DD3BA1D936FFE00FBA78A /* tripnavViewController.m */ = {isa = PBXFileReference; fileEncoding = 4; lastKnownFileType = sourcecode.c.objc; path = tripnavViewController.m; sourceTree = "<group>"; };
		539DD3C01D9373B100FBA78A /* tripmanageViewController.h */ = {isa = PBXFileReference; fileEncoding = 4; lastKnownFileType = sourcecode.c.h; path = tripmanageViewController.h; sourceTree = "<group>"; };
		539DD3C11D9373B100FBA78A /* tripmanageViewController.m */ = {isa = PBXFileReference; fileEncoding = 4; lastKnownFileType = sourcecode.c.objc; path = tripmanageViewController.m; sourceTree = "<group>"; };
		539DD3C31D937EF400FBA78A /* manageTableViewCell1.h */ = {isa = PBXFileReference; fileEncoding = 4; lastKnownFileType = sourcecode.c.h; path = manageTableViewCell1.h; sourceTree = "<group>"; };
		539DD3C41D937EF400FBA78A /* manageTableViewCell1.m */ = {isa = PBXFileReference; fileEncoding = 4; lastKnownFileType = sourcecode.c.objc; path = manageTableViewCell1.m; sourceTree = "<group>"; };
		539DD3C61D937F0100FBA78A /* manageTableViewCell2.h */ = {isa = PBXFileReference; fileEncoding = 4; lastKnownFileType = sourcecode.c.h; path = manageTableViewCell2.h; sourceTree = "<group>"; };
		539DD3C71D937F0100FBA78A /* manageTableViewCell2.m */ = {isa = PBXFileReference; fileEncoding = 4; lastKnownFileType = sourcecode.c.objc; path = manageTableViewCell2.m; sourceTree = "<group>"; };
		539DD3C91D937F0E00FBA78A /* manageTableViewCell3.h */ = {isa = PBXFileReference; fileEncoding = 4; lastKnownFileType = sourcecode.c.h; path = manageTableViewCell3.h; sourceTree = "<group>"; };
		539DD3CA1D937F0E00FBA78A /* manageTableViewCell3.m */ = {isa = PBXFileReference; fileEncoding = 4; lastKnownFileType = sourcecode.c.objc; path = manageTableViewCell3.m; sourceTree = "<group>"; };
		53ACB3911D94D25D005C9A61 /* dialimageView.h */ = {isa = PBXFileReference; fileEncoding = 4; lastKnownFileType = sourcecode.c.h; path = dialimageView.h; sourceTree = "<group>"; };
		53ACB3921D94D25D005C9A61 /* dialimageView.m */ = {isa = PBXFileReference; fileEncoding = 4; lastKnownFileType = sourcecode.c.objc; path = dialimageView.m; sourceTree = "<group>"; };
		53ACB3941D94D84C005C9A61 /* addimageView.h */ = {isa = PBXFileReference; fileEncoding = 4; lastKnownFileType = sourcecode.c.h; path = addimageView.h; sourceTree = "<group>"; };
		53ACB3951D94D84C005C9A61 /* addimageView.m */ = {isa = PBXFileReference; fileEncoding = 4; lastKnownFileType = sourcecode.c.objc; path = addimageView.m; sourceTree = "<group>"; };
		53ACB3971D951215005C9A61 /* jinxuanimageView.h */ = {isa = PBXFileReference; fileEncoding = 4; lastKnownFileType = sourcecode.c.h; path = jinxuanimageView.h; sourceTree = "<group>"; };
		53ACB3981D951215005C9A61 /* jinxuanimageView.m */ = {isa = PBXFileReference; fileEncoding = 4; lastKnownFileType = sourcecode.c.objc; path = jinxuanimageView.m; sourceTree = "<group>"; };
		53ACB39B1D9520BA005C9A61 /* CoreLocation.framework */ = {isa = PBXFileReference; lastKnownFileType = wrapper.framework; name = CoreLocation.framework; path = System/Library/Frameworks/CoreLocation.framework; sourceTree = SDKROOT; };
		53ACB39D1D9520C1005C9A61 /* MapKit.framework */ = {isa = PBXFileReference; lastKnownFileType = wrapper.framework; name = MapKit.framework; path = System/Library/Frameworks/MapKit.framework; sourceTree = SDKROOT; };
		53ACB39F1D9525F5005C9A61 /* impressTableViewCell.h */ = {isa = PBXFileReference; fileEncoding = 4; lastKnownFileType = sourcecode.c.h; path = impressTableViewCell.h; sourceTree = "<group>"; };
		53ACB3A01D9525F5005C9A61 /* impressTableViewCell.m */ = {isa = PBXFileReference; fileEncoding = 4; lastKnownFileType = sourcecode.c.objc; path = impressTableViewCell.m; sourceTree = "<group>"; };
		53ACB3A21D9541DC005C9A61 /* bottomimageView.h */ = {isa = PBXFileReference; fileEncoding = 4; lastKnownFileType = sourcecode.c.h; path = bottomimageView.h; sourceTree = "<group>"; };
		53ACB3A31D9541DC005C9A61 /* bottomimageView.m */ = {isa = PBXFileReference; fileEncoding = 4; lastKnownFileType = sourcecode.c.objc; path = bottomimageView.m; sourceTree = "<group>"; };
		53ACB3A51D95458C005C9A61 /* AVFoundation.framework */ = {isa = PBXFileReference; lastKnownFileType = wrapper.framework; name = AVFoundation.framework; path = System/Library/Frameworks/AVFoundation.framework; sourceTree = SDKROOT; };
		53ACB3AB1D95466B005C9A61 /* qrcodeViewController.h */ = {isa = PBXFileReference; fileEncoding = 4; lastKnownFileType = sourcecode.c.h; path = qrcodeViewController.h; sourceTree = "<group>"; };
		53ACB3AC1D95466B005C9A61 /* qrcodeViewController.m */ = {isa = PBXFileReference; fileEncoding = 4; lastKnownFileType = sourcecode.c.objc; path = qrcodeViewController.m; sourceTree = "<group>"; };
/* End PBXFileReference section */

/* Begin PBXFrameworksBuildPhase section */
		530B97AD1D8060110074454C /* Frameworks */ = {
			isa = PBXFrameworksBuildPhase;
			buildActionMask = 2147483647;
			files = (
				53ACB3A61D95458C005C9A61 /* AVFoundation.framework in Frameworks */,
				53ACB39E1D9520C1005C9A61 /* MapKit.framework in Frameworks */,
				53ACB39C1D9520BA005C9A61 /* CoreLocation.framework in Frameworks */,
				538E2DC11D87A55400FC55AF /* libsqlite3.0.tbd in Frameworks */,
				530A0F231D885E78004C28FA /* BaiduMapAPI_Map.framework in Frameworks */,
				530A0F261D885E78004C28FA /* BaiduMapAPI_Utils.framework in Frameworks */,
				5358F33F1D870276003213C0 /* AddressBookUI.framework in Frameworks */,
				530A0F211D885E78004C28FA /* BaiduMapAPI_Cloud.framework in Frameworks */,
				530A0F221D885E78004C28FA /* BaiduMapAPI_Location.framework in Frameworks */,
				5358F33D1D870271003213C0 /* AddressBook.framework in Frameworks */,
				5358F33A1D870251003213C0 /* MOBFoundation.framework in Frameworks */,
				530A0F241D885E78004C28FA /* BaiduMapAPI_Radar.framework in Frameworks */,
				5358F3361D87023C003213C0 /* libstdc++.tbd in Frameworks */,
				5358F3341D87022F003213C0 /* JavaScriptCore.framework in Frameworks */,
				530A0F251D885E78004C28FA /* BaiduMapAPI_Search.framework in Frameworks */,
				530A0F201D885E78004C28FA /* BaiduMapAPI_Base.framework in Frameworks */,
				5358F3321D870220003213C0 /* MessageUI.framework in Frameworks */,
				5358F33B1D870251003213C0 /* SMS_SDK.framework in Frameworks */,
				5358F3301D870211003213C0 /* libicucore.tbd in Frameworks */,
				5358F32E1D870200003213C0 /* libz.tbd in Frameworks */,
			);
			runOnlyForDeploymentPostprocessing = 0;
		};
/* End PBXFrameworksBuildPhase section */

/* Begin PBXGroup section */
		530A0F181D885E78004C28FA /* baidumap */ = {
			isa = PBXGroup;
			children = (
				530A0F191D885E78004C28FA /* BaiduMapAPI_Base.framework */,
				530A0F1A1D885E78004C28FA /* BaiduMapAPI_Cloud.framework */,
				530A0F1B1D885E78004C28FA /* BaiduMapAPI_Location.framework */,
				530A0F1C1D885E78004C28FA /* BaiduMapAPI_Map.framework */,
				530A0F1D1D885E78004C28FA /* BaiduMapAPI_Radar.framework */,
				530A0F1E1D885E78004C28FA /* BaiduMapAPI_Search.framework */,
				530A0F1F1D885E78004C28FA /* BaiduMapAPI_Utils.framework */,
			);
			path = baidumap;
			sourceTree = "<group>";
		};
		530B97A71D8060110074454C = {
			isa = PBXGroup;
			children = (
				530B97CB1D8065BD0074454C /* Other */,
				530B97CC1D8065DA0074454C /* Main首页 */,
				53ACB3A71D954598005C9A61 /* Qrcode二维码 */,
				53970AE61D911B02004857B7 /* Travelitinerary旅行行程 */,
				53970ADC1D910A0F004857B7 /* moretrip更多行程 */,
				53763D521D927BBD00A5C804 /* Imagecollection图集 */,
				539DD3B51D936FBC00FBA78A /* tripnavigation行程导航 */,
				539DD3BC1D9371C300FBA78A /* tripmanagement行程管理 */,
				538E2DC21D87FC1800FC55AF /* Friend好友 */,
				530B97D31D806C2D0074454C /* impression印象 */,
				530B97DA1D806C7B0074454C /* found发现 */,
				530B97E11D806CB20074454C /* my我的 */,
				530B97B21D8060110074454C /* newtravel */,
				530B97B11D8060110074454C /* Products */,
				53ACB39A1D9520B9005C9A61 /* Frameworks */,
			);
			sourceTree = "<group>";
		};
		530B97B11D8060110074454C /* Products */ = {
			isa = PBXGroup;
			children = (
				530B97B01D8060110074454C /* newtravel.app */,
			);
			name = Products;
			sourceTree = "<group>";
		};
		530B97B21D8060110074454C /* newtravel */ = {
			isa = PBXGroup;
			children = (
				530B97B31D8060110074454C /* Supporting Files */,
			);
			path = newtravel;
			sourceTree = "<group>";
		};
		530B97B31D8060110074454C /* Supporting Files */ = {
			isa = PBXGroup;
			children = (
				530B97B41D8060110074454C /* main.m */,
				5358F3411D870565003213C0 /* PrefixHeader.pch */,
			);
			name = "Supporting Files";
			sourceTree = "<group>";
		};
		530B97CB1D8065BD0074454C /* Other */ = {
			isa = PBXGroup;
			children = (
				530B97B61D8060110074454C /* AppDelegate.h */,
				530B97B71D8060110074454C /* AppDelegate.mm */,
				530B97B91D8060110074454C /* ViewController.h */,
				530B97BA1D8060110074454C /* ViewController.m */,
				530B97BC1D8060110074454C /* Main.storyboard */,
				530B97BF1D8060110074454C /* Assets.xcassets */,
				530B97C11D8060110074454C /* LaunchScreen.storyboard */,
				530B97C41D8060110074454C /* Info.plist */,
				538E2D391D87A01300FC55AF /* WJGTabBarController.h */,
				538E2D3A1D87A01300FC55AF /* WJGTabBarController.m */,
			);
			name = Other;
			sourceTree = "<group>";
		};
		530B97CC1D8065DA0074454C /* Main首页 */ = {
			isa = PBXGroup;
			children = (
				530B97CF1D80661E0074454C /* Controller */,
				530B97CE1D80661A0074454C /* View */,
				530B97CD1D8066150074454C /* Model */,
			);
			name = "Main首页";
			sourceTree = "<group>";
		};
		530B97CD1D8066150074454C /* Model */ = {
			isa = PBXGroup;
			children = (
			);
			name = Model;
			sourceTree = "<group>";
		};
		530B97CE1D80661A0074454C /* View */ = {
			isa = PBXGroup;
			children = (
				538E2DC91D88072200FC55AF /* tripimageView.h */,
				538E2DCA1D88072200FC55AF /* tripimageView.m */,
				5310FB081D8FC7ED00F855FE /* pictripimageView.h */,
				5310FB091D8FC7ED00F855FE /* pictripimageView.m */,
				5310FB0B1D8FD5AF00F855FE /* navigationimageView.h */,
				5310FB0C1D8FD5AF00F855FE /* navigationimageView.m */,
				53970AD61D90C967004857B7 /* managementimageView.h */,
				53970AD71D90C967004857B7 /* managementimageView.m */,
				53970AE31D910FC9004857B7 /* tableView.h */,
				53970AE41D910FC9004857B7 /* tableView.m */,
			);
			name = View;
			sourceTree = "<group>";
		};
		530B97CF1D80661E0074454C /* Controller */ = {
			isa = PBXGroup;
			children = (
				530B97D01D806BD10074454C /* mainViewController.h */,
				530B97D11D806BD10074454C /* mainViewController.m */,
			);
			name = Controller;
			sourceTree = "<group>";
		};
		530B97D31D806C2D0074454C /* impression印象 */ = {
			isa = PBXGroup;
			children = (
				530B97D61D806C560074454C /* Controller */,
				530B97D51D806C510074454C /* View */,
				530B97D41D806C4B0074454C /* Model */,
			);
			name = "impression印象";
			sourceTree = "<group>";
		};
		530B97D41D806C4B0074454C /* Model */ = {
			isa = PBXGroup;
			children = (
			);
			name = Model;
			sourceTree = "<group>";
		};
		530B97D51D806C510074454C /* View */ = {
			isa = PBXGroup;
			children = (
				53ACB39F1D9525F5005C9A61 /* impressTableViewCell.h */,
				53ACB3A01D9525F5005C9A61 /* impressTableViewCell.m */,
				53ACB3A21D9541DC005C9A61 /* bottomimageView.h */,
				53ACB3A31D9541DC005C9A61 /* bottomimageView.m */,
			);
			name = View;
			sourceTree = "<group>";
		};
		530B97D61D806C560074454C /* Controller */ = {
			isa = PBXGroup;
			children = (
				530B97D71D806C640074454C /* impressionViewController.h */,
				530B97D81D806C640074454C /* impressionViewController.m */,
			);
			name = Controller;
			sourceTree = "<group>";
		};
		530B97DA1D806C7B0074454C /* found发现 */ = {
			isa = PBXGroup;
			children = (
				530B97DD1D806C990074454C /* Controller */,
				530B97DC1D806C930074454C /* View */,
				530B97DB1D806C8E0074454C /* Model */,
			);
			name = "found发现";
			sourceTree = "<group>";
		};
		530B97DB1D806C8E0074454C /* Model */ = {
			isa = PBXGroup;
			children = (
			);
			name = Model;
			sourceTree = "<group>";
		};
		530B97DC1D806C930074454C /* View */ = {
			isa = PBXGroup;
			children = (
			);
			name = View;
			sourceTree = "<group>";
		};
		530B97DD1D806C990074454C /* Controller */ = {
			isa = PBXGroup;
			children = (
				530B97DE1D806CA60074454C /* foundViewController.h */,
				530B97DF1D806CA60074454C /* foundViewController.m */,
			);
			name = Controller;
			sourceTree = "<group>";
		};
		530B97E11D806CB20074454C /* my我的 */ = {
			isa = PBXGroup;
			children = (
				530B97E41D806CD20074454C /* Controller */,
				530B97E31D806CCB0074454C /* View */,
				530B97E21D806CC40074454C /* Model */,
			);
			name = "my我的";
			sourceTree = "<group>";
		};
		530B97E21D806CC40074454C /* Model */ = {
			isa = PBXGroup;
			children = (
			);
			name = Model;
			sourceTree = "<group>";
		};
		530B97E31D806CCB0074454C /* View */ = {
			isa = PBXGroup;
			children = (
			);
			name = View;
			sourceTree = "<group>";
		};
		530B97E41D806CD20074454C /* Controller */ = {
			isa = PBXGroup;
			children = (
				530B97E51D806CDC0074454C /* myViewController.h */,
				530B97E61D806CDC0074454C /* myViewController.m */,
			);
			name = Controller;
			sourceTree = "<group>";
		};
		5358F3371D870251003213C0 /* SMS_SDK */ = {
			isa = PBXGroup;
			children = (
				5358F3381D870251003213C0 /* MOBFoundation.framework */,
				5358F3391D870251003213C0 /* SMS_SDK.framework */,
			);
			path = SMS_SDK;
			sourceTree = "<group>";
		};
		53763D521D927BBD00A5C804 /* Imagecollection图集 */ = {
			isa = PBXGroup;
			children = (
				53763D551D927DD400A5C804 /* Controller */,
				53763D541D927DD000A5C804 /* View */,
				53763D531D927DC700A5C804 /* Model */,
			);
			name = "Imagecollection图集";
			sourceTree = "<group>";
		};
		53763D531D927DC700A5C804 /* Model */ = {
			isa = PBXGroup;
			children = (
			);
			name = Model;
			sourceTree = "<group>";
		};
		53763D541D927DD000A5C804 /* View */ = {
			isa = PBXGroup;
			children = (
				53763D591D9280B000A5C804 /* imageCollectionViewCell.h */,
				53763D5A1D9280B000A5C804 /* imageCollectionViewCell.m */,
				5310351C1D92D96B0079E517 /* MyHeadView.h */,
				5310351D1D92D96B0079E517 /* MyHeadView.m */,
				5310351F1D92D9A00079E517 /* MyFootView.h */,
				531035201D92D9A00079E517 /* MyFootView.m */,
			);
			name = View;
			sourceTree = "<group>";
		};
		53763D551D927DD400A5C804 /* Controller */ = {
			isa = PBXGroup;
			children = (
				53763D561D927DF200A5C804 /* imagecollectionViewController.h */,
				53763D571D927DF200A5C804 /* imagecollectionViewController.m */,
			);
			name = Controller;
			sourceTree = "<group>";
		};
		538E2D3C1D87A4B300FC55AF /* AFNetworking */ = {
			isa = PBXGroup;
			children = (
				538E2D3D1D87A4B300FC55AF /* AFHTTPSessionManager.h */,
				538E2D3E1D87A4B300FC55AF /* AFHTTPSessionManager.m */,
				538E2D3F1D87A4B300FC55AF /* AFNetworking.h */,
				538E2D401D87A4B300FC55AF /* AFNetworkReachabilityManager.h */,
				538E2D411D87A4B300FC55AF /* AFNetworkReachabilityManager.m */,
				538E2D421D87A4B300FC55AF /* AFSecurityPolicy.h */,
				538E2D431D87A4B300FC55AF /* AFSecurityPolicy.m */,
				538E2D441D87A4B300FC55AF /* AFURLRequestSerialization.h */,
				538E2D451D87A4B300FC55AF /* AFURLRequestSerialization.m */,
				538E2D461D87A4B300FC55AF /* AFURLResponseSerialization.h */,
				538E2D471D87A4B300FC55AF /* AFURLResponseSerialization.m */,
				538E2D481D87A4B300FC55AF /* AFURLSessionManager.h */,
				538E2D491D87A4B300FC55AF /* AFURLSessionManager.m */,
			);
			path = AFNetworking;
			sourceTree = "<group>";
		};
		538E2D501D87A4F900FC55AF /* Masonry */ = {
			isa = PBXGroup;
			children = (
				538E2D511D87A4F900FC55AF /* MASCompositeConstraint.h */,
				538E2D521D87A4F900FC55AF /* MASCompositeConstraint.m */,
				538E2D531D87A4F900FC55AF /* MASConstraint+Private.h */,
				538E2D541D87A4F900FC55AF /* MASConstraint.h */,
				538E2D551D87A4F900FC55AF /* MASConstraint.m */,
				538E2D561D87A4F900FC55AF /* MASConstraintMaker.h */,
				538E2D571D87A4F900FC55AF /* MASConstraintMaker.m */,
				538E2D581D87A4F900FC55AF /* MASLayoutConstraint.h */,
				538E2D591D87A4F900FC55AF /* MASLayoutConstraint.m */,
				538E2D5A1D87A4F900FC55AF /* Masonry.h */,
				538E2D5B1D87A4F900FC55AF /* MASUtilities.h */,
				538E2D5C1D87A4F900FC55AF /* MASViewAttribute.h */,
				538E2D5D1D87A4F900FC55AF /* MASViewAttribute.m */,
				538E2D5E1D87A4F900FC55AF /* MASViewConstraint.h */,
				538E2D5F1D87A4F900FC55AF /* MASViewConstraint.m */,
				538E2D601D87A4F900FC55AF /* NSArray+MASAdditions.h */,
				538E2D611D87A4F900FC55AF /* NSArray+MASAdditions.m */,
				538E2D621D87A4F900FC55AF /* NSArray+MASShorthandAdditions.h */,
				538E2D631D87A4F900FC55AF /* NSLayoutConstraint+MASDebugAdditions.h */,
				538E2D641D87A4F900FC55AF /* NSLayoutConstraint+MASDebugAdditions.m */,
				538E2D651D87A4F900FC55AF /* View+MASAdditions.h */,
				538E2D661D87A4F900FC55AF /* View+MASAdditions.m */,
				538E2D671D87A4F900FC55AF /* View+MASShorthandAdditions.h */,
				538E2D681D87A4F900FC55AF /* ViewController+MASAdditions.h */,
				538E2D691D87A4F900FC55AF /* ViewController+MASAdditions.m */,
			);
			path = Masonry;
			sourceTree = "<group>";
		};
		538E2D6A1D87A4F900FC55AF /* SDWebImage */ = {
			isa = PBXGroup;
			children = (
				538E2D6B1D87A4F900FC55AF /* MKAnnotationView+WebCache.h */,
				538E2D6C1D87A4F900FC55AF /* MKAnnotationView+WebCache.m */,
				538E2D6D1D87A4F900FC55AF /* NSData+ImageContentType.h */,
				538E2D6E1D87A4F900FC55AF /* NSData+ImageContentType.m */,
				538E2D6F1D87A4F900FC55AF /* SDImageCache.h */,
				538E2D701D87A4F900FC55AF /* SDImageCache.m */,
				538E2D711D87A4F900FC55AF /* SDWebImageCompat.h */,
				538E2D721D87A4F900FC55AF /* SDWebImageCompat.m */,
				538E2D731D87A4F900FC55AF /* SDWebImageDecoder.h */,
				538E2D741D87A4F900FC55AF /* SDWebImageDecoder.m */,
				538E2D751D87A4F900FC55AF /* SDWebImageDownloader.h */,
				538E2D761D87A4F900FC55AF /* SDWebImageDownloader.m */,
				538E2D771D87A4F900FC55AF /* SDWebImageDownloaderOperation.h */,
				538E2D781D87A4F900FC55AF /* SDWebImageDownloaderOperation.m */,
				538E2D791D87A4F900FC55AF /* SDWebImageManager.h */,
				538E2D7A1D87A4F900FC55AF /* SDWebImageManager.m */,
				538E2D7B1D87A4F900FC55AF /* SDWebImageOperation.h */,
				538E2D7C1D87A4F900FC55AF /* SDWebImagePrefetcher.h */,
				538E2D7D1D87A4F900FC55AF /* SDWebImagePrefetcher.m */,
				538E2D7E1D87A4F900FC55AF /* UIButton+WebCache.h */,
				538E2D7F1D87A4F900FC55AF /* UIButton+WebCache.m */,
				538E2D801D87A4F900FC55AF /* UIImage+GIF.h */,
				538E2D811D87A4F900FC55AF /* UIImage+GIF.m */,
				538E2D821D87A4F900FC55AF /* UIImage+MultiFormat.h */,
				538E2D831D87A4F900FC55AF /* UIImage+MultiFormat.m */,
				538E2D841D87A4F900FC55AF /* UIImage+WebP.h */,
				538E2D851D87A4F900FC55AF /* UIImage+WebP.m */,
				538E2D861D87A4F900FC55AF /* UIImageView+HighlightedWebCache.h */,
				538E2D871D87A4F900FC55AF /* UIImageView+HighlightedWebCache.m */,
				538E2D881D87A4F900FC55AF /* UIImageView+WebCache.h */,
				538E2D891D87A4F900FC55AF /* UIImageView+WebCache.m */,
				538E2D8A1D87A4F900FC55AF /* UIView+WebCacheOperation.h */,
				538E2D8B1D87A4F900FC55AF /* UIView+WebCacheOperation.m */,
			);
			path = SDWebImage;
			sourceTree = "<group>";
		};
		538E2DA61D87A53800FC55AF /* fmdb */ = {
			isa = PBXGroup;
			children = (
				538E2DA71D87A53800FC55AF /* FMDatabase.h */,
				538E2DA81D87A53800FC55AF /* FMDatabase.m */,
				538E2DA91D87A53800FC55AF /* FMDatabaseAdditions.h */,
				538E2DAA1D87A53800FC55AF /* FMDatabaseAdditions.m */,
				538E2DAB1D87A53800FC55AF /* FMDatabasePool.h */,
				538E2DAC1D87A53800FC55AF /* FMDatabasePool.m */,
				538E2DAD1D87A53800FC55AF /* FMDatabaseQueue.h */,
				538E2DAE1D87A53800FC55AF /* FMDatabaseQueue.m */,
				538E2DAF1D87A53800FC55AF /* FMDB.h */,
				538E2DB01D87A53800FC55AF /* FMResultSet.h */,
				538E2DB11D87A53800FC55AF /* FMResultSet.m */,
			);
			path = fmdb;
			sourceTree = "<group>";
		};
		538E2DB21D87A53800FC55AF /* MBProgressHUD */ = {
			isa = PBXGroup;
			children = (
				538E2DB31D87A53800FC55AF /* MBProgressHUD+XMG.h */,
				538E2DB41D87A53800FC55AF /* MBProgressHUD+XMG.m */,
				538E2DB51D87A53800FC55AF /* MBProgressHUD.bundle */,
				538E2DB61D87A53800FC55AF /* MBProgressHUD.h */,
				538E2DB71D87A53800FC55AF /* MBProgressHUD.m */,
			);
			path = MBProgressHUD;
			sourceTree = "<group>";
		};
		538E2DC21D87FC1800FC55AF /* Friend好友 */ = {
			isa = PBXGroup;
			children = (
				538E2DC51D87FC3A00FC55AF /* Controller */,
				538E2DC41D87FC3400FC55AF /* View */,
				538E2DC31D87FC2F00FC55AF /* Model */,
			);
			name = "Friend好友";
			sourceTree = "<group>";
		};
		538E2DC31D87FC2F00FC55AF /* Model */ = {
			isa = PBXGroup;
			children = (
			);
			name = Model;
			sourceTree = "<group>";
		};
		538E2DC41D87FC3400FC55AF /* View */ = {
			isa = PBXGroup;
			children = (
			);
			name = View;
			sourceTree = "<group>";
		};
		538E2DC51D87FC3A00FC55AF /* Controller */ = {
			isa = PBXGroup;
			children = (
				538E2DC61D87FC5000FC55AF /* friendViewController.h */,
				538E2DC71D87FC5000FC55AF /* friendViewController.m */,
			);
			name = Controller;
			sourceTree = "<group>";
		};
		53970ADC1D910A0F004857B7 /* moretrip更多行程 */ = {
			isa = PBXGroup;
			children = (
				53970ADF1D910A2D004857B7 /* Controller */,
				53970ADE1D910A2A004857B7 /* View */,
				53970ADD1D910A25004857B7 /* Model */,
			);
			name = "moretrip更多行程";
			sourceTree = "<group>";
		};
		53970ADD1D910A25004857B7 /* Model */ = {
			isa = PBXGroup;
			children = (
			);
			name = Model;
			sourceTree = "<group>";
		};
		53970ADE1D910A2A004857B7 /* View */ = {
			isa = PBXGroup;
			children = (
				535E42651D91523700570A07 /* addtripimageView.h */,
				535E42661D91523700570A07 /* addtripimageView.m */,
				535E42681D91524900570A07 /* writetripimageView.h */,
				535E42691D91524900570A07 /* writetripimageView.m */,
			);
			name = View;
			sourceTree = "<group>";
		};
		53970ADF1D910A2D004857B7 /* Controller */ = {
			isa = PBXGroup;
			children = (
				53970AE01D910A63004857B7 /* moretripViewController.h */,
				53970AE11D910A63004857B7 /* moretripViewController.m */,
			);
			name = Controller;
			sourceTree = "<group>";
		};
		53970AE61D911B02004857B7 /* Travelitinerary旅行行程 */ = {
			isa = PBXGroup;
			children = (
				53970AE91D911B31004857B7 /* Controller */,
				53970AE81D911B2D004857B7 /* View */,
				53970AE71D911B28004857B7 /* Model */,
			);
			name = "Travelitinerary旅行行程";
			sourceTree = "<group>";
		};
		53970AE71D911B28004857B7 /* Model */ = {
			isa = PBXGroup;
			children = (
			);
			name = Model;
			sourceTree = "<group>";
		};
		53970AE81D911B2D004857B7 /* View */ = {
			isa = PBXGroup;
			children = (
			);
			name = View;
			sourceTree = "<group>";
		};
		53970AE91D911B31004857B7 /* Controller */ = {
			isa = PBXGroup;
			children = (
				53970AEA1D911B47004857B7 /* travelitViewController.h */,
				53970AEB1D911B47004857B7 /* travelitViewController.m */,
			);
			name = Controller;
			sourceTree = "<group>";
		};
		539DD3B51D936FBC00FBA78A /* tripnavigation行程导航 */ = {
			isa = PBXGroup;
			children = (
				539DD3B81D936FEA00FBA78A /* Controller */,
				539DD3B71D936FE600FBA78A /* View */,
				539DD3B61D936FDF00FBA78A /* Model */,
			);
			name = "tripnavigation行程导航";
			sourceTree = "<group>";
		};
		539DD3B61D936FDF00FBA78A /* Model */ = {
			isa = PBXGroup;
			children = (
			);
			name = Model;
			sourceTree = "<group>";
		};
		539DD3B71D936FE600FBA78A /* View */ = {
			isa = PBXGroup;
			children = (
			);
			name = View;
			sourceTree = "<group>";
		};
		539DD3B81D936FEA00FBA78A /* Controller */ = {
			isa = PBXGroup;
			children = (
				539DD3B91D936FFE00FBA78A /* tripnavViewController.h */,
				539DD3BA1D936FFE00FBA78A /* tripnavViewController.m */,
			);
			name = Controller;
			sourceTree = "<group>";
		};
		539DD3BC1D9371C300FBA78A /* tripmanagement行程管理 */ = {
			isa = PBXGroup;
			children = (
				539DD3BF1D93739D00FBA78A /* Controller */,
				539DD3BE1D93739700FBA78A /* View */,
				539DD3BD1D93738E00FBA78A /* Model */,
			);
			name = "tripmanagement行程管理";
			sourceTree = "<group>";
		};
		539DD3BD1D93738E00FBA78A /* Model */ = {
			isa = PBXGroup;
			children = (
			);
			name = Model;
			sourceTree = "<group>";
		};
		539DD3BE1D93739700FBA78A /* View */ = {
			isa = PBXGroup;
			children = (
				539DD3C31D937EF400FBA78A /* manageTableViewCell1.h */,
				539DD3C41D937EF400FBA78A /* manageTableViewCell1.m */,
				539DD3C61D937F0100FBA78A /* manageTableViewCell2.h */,
				539DD3C71D937F0100FBA78A /* manageTableViewCell2.m */,
				539DD3C91D937F0E00FBA78A /* manageTableViewCell3.h */,
				539DD3CA1D937F0E00FBA78A /* manageTableViewCell3.m */,
				53ACB3911D94D25D005C9A61 /* dialimageView.h */,
				53ACB3921D94D25D005C9A61 /* dialimageView.m */,
				53ACB3941D94D84C005C9A61 /* addimageView.h */,
				53ACB3951D94D84C005C9A61 /* addimageView.m */,
				53ACB3971D951215005C9A61 /* jinxuanimageView.h */,
				53ACB3981D951215005C9A61 /* jinxuanimageView.m */,
			);
			name = View;
			sourceTree = "<group>";
		};
		539DD3BF1D93739D00FBA78A /* Controller */ = {
			isa = PBXGroup;
			children = (
				539DD3C01D9373B100FBA78A /* tripmanageViewController.h */,
				539DD3C11D9373B100FBA78A /* tripmanageViewController.m */,
			);
			name = Controller;
			sourceTree = "<group>";
		};
		53ACB39A1D9520B9005C9A61 /* Frameworks */ = {
			isa = PBXGroup;
			children = (
				53ACB3A51D95458C005C9A61 /* AVFoundation.framework */,
				530A0F181D885E78004C28FA /* baidumap */,
				538E2DA61D87A53800FC55AF /* fmdb */,
				538E2DB21D87A53800FC55AF /* MBProgressHUD */,
				538E2D501D87A4F900FC55AF /* Masonry */,
				538E2D6A1D87A4F900FC55AF /* SDWebImage */,
				538E2D3C1D87A4B300FC55AF /* AFNetworking */,
				538E2DC01D87A55400FC55AF /* libsqlite3.0.tbd */,
				5358F33E1D870276003213C0 /* AddressBookUI.framework */,
				5358F33C1D870271003213C0 /* AddressBook.framework */,
				5358F3371D870251003213C0 /* SMS_SDK */,
				5358F3351D87023C003213C0 /* libstdc++.tbd */,
				5358F3331D87022F003213C0 /* JavaScriptCore.framework */,
				5358F3311D870220003213C0 /* MessageUI.framework */,
				5358F32F1D870211003213C0 /* libicucore.tbd */,
				5358F32D1D870200003213C0 /* libz.tbd */,
				53ACB39D1D9520C1005C9A61 /* MapKit.framework */,
				53ACB39B1D9520BA005C9A61 /* CoreLocation.framework */,
			);
			name = Frameworks;
			sourceTree = "<group>";
		};
		53ACB3A71D954598005C9A61 /* Qrcode二维码 */ = {
			isa = PBXGroup;
			children = (
				53ACB3AA1D954652005C9A61 /* Controller */,
				53ACB3A91D954648005C9A61 /* View */,
				53ACB3A81D954643005C9A61 /* Model */,
			);
			name = "Qrcode二维码";
			sourceTree = "<group>";
		};
		53ACB3A81D954643005C9A61 /* Model */ = {
			isa = PBXGroup;
			children = (
			);
			name = Model;
			sourceTree = "<group>";
		};
		53ACB3A91D954648005C9A61 /* View */ = {
			isa = PBXGroup;
			children = (
			);
			name = View;
			sourceTree = "<group>";
		};
		53ACB3AA1D954652005C9A61 /* Controller */ = {
			isa = PBXGroup;
			children = (
				53ACB3AB1D95466B005C9A61 /* qrcodeViewController.h */,
				53ACB3AC1D95466B005C9A61 /* qrcodeViewController.m */,
			);
			name = Controller;
			sourceTree = "<group>";
		};
/* End PBXGroup section */

/* Begin PBXNativeTarget section */
		530B97AF1D8060110074454C /* newtravel */ = {
			isa = PBXNativeTarget;
			buildConfigurationList = 530B97C71D8060110074454C /* Build configuration list for PBXNativeTarget "newtravel" */;
			buildPhases = (
				530B97AC1D8060110074454C /* Sources */,
				530B97AD1D8060110074454C /* Frameworks */,
				530B97AE1D8060110074454C /* Resources */,
			);
			buildRules = (
			);
			dependencies = (
			);
			name = newtravel;
			productName = newtravel;
			productReference = 530B97B01D8060110074454C /* newtravel.app */;
			productType = "com.apple.product-type.application";
		};
/* End PBXNativeTarget section */

/* Begin PBXProject section */
		530B97A81D8060110074454C /* Project object */ = {
			isa = PBXProject;
			attributes = {
				LastUpgradeCheck = 0800;
				ORGANIZATIONNAME = wangjungang;
				TargetAttributes = {
					530B97AF1D8060110074454C = {
						CreatedOnToolsVersion = 7.3.1;
						DevelopmentTeam = 3637W6NRU9;
						LastSwiftMigration = 0800;
					};
				};
			};
			buildConfigurationList = 530B97AB1D8060110074454C /* Build configuration list for PBXProject "newtravel" */;
			compatibilityVersion = "Xcode 3.2";
			developmentRegion = English;
			hasScannedForEncodings = 0;
			knownRegions = (
				en,
				Base,
			);
			mainGroup = 530B97A71D8060110074454C;
			productRefGroup = 530B97B11D8060110074454C /* Products */;
			projectDirPath = "";
			projectRoot = "";
			targets = (
				530B97AF1D8060110074454C /* newtravel */,
			);
		};
/* End PBXProject section */

/* Begin PBXResourcesBuildPhase section */
		530B97AE1D8060110074454C /* Resources */ = {
			isa = PBXResourcesBuildPhase;
			buildActionMask = 2147483647;
			files = (
				530B97C31D8060110074454C /* LaunchScreen.storyboard in Resources */,
				538E2DBE1D87A53800FC55AF /* MBProgressHUD.bundle in Resources */,
				530B97C01D8060110074454C /* Assets.xcassets in Resources */,
				530B97BE1D8060110074454C /* Main.storyboard in Resources */,
			);
			runOnlyForDeploymentPostprocessing = 0;
		};
/* End PBXResourcesBuildPhase section */

/* Begin PBXSourcesBuildPhase section */
		530B97AC1D8060110074454C /* Sources */ = {
			isa = PBXSourcesBuildPhase;
			buildActionMask = 2147483647;
			files = (
				538E2D8D1D87A4F900FC55AF /* MASConstraint.m in Sources */,
				538E2D9F1D87A4F900FC55AF /* UIButton+WebCache.m in Sources */,
				538E2D9D1D87A4F900FC55AF /* SDWebImageManager.m in Sources */,
				538E2D3B1D87A01300FC55AF /* WJGTabBarController.m in Sources */,
				538E2D951D87A4F900FC55AF /* ViewController+MASAdditions.m in Sources */,
				538E2DB91D87A53800FC55AF /* FMDatabaseAdditions.m in Sources */,
				530B97D91D806C640074454C /* impressionViewController.m in Sources */,
				53ACB3A11D9525F5005C9A61 /* impressTableViewCell.m in Sources */,
				538E2DBF1D87A53800FC55AF /* MBProgressHUD.m in Sources */,
				538E2DC81D87FC5000FC55AF /* friendViewController.m in Sources */,
				538E2D9B1D87A4F900FC55AF /* SDWebImageDownloader.m in Sources */,
				539DD3C21D9373B100FBA78A /* tripmanageViewController.m in Sources */,
				538E2DBA1D87A53800FC55AF /* FMDatabasePool.m in Sources */,
				538E2D4B1D87A4B300FC55AF /* AFNetworkReachabilityManager.m in Sources */,
				53970AEC1D911B47004857B7 /* travelitViewController.m in Sources */,
				539DD3C51D937EF400FBA78A /* manageTableViewCell1.m in Sources */,
				538E2D991D87A4F900FC55AF /* SDWebImageCompat.m in Sources */,
				538E2D4F1D87A4B300FC55AF /* AFURLSessionManager.m in Sources */,
				538E2D8C1D87A4F900FC55AF /* MASCompositeConstraint.m in Sources */,
				538E2D4D1D87A4B300FC55AF /* AFURLRequestSerialization.m in Sources */,
				538E2DA51D87A4F900FC55AF /* UIView+WebCacheOperation.m in Sources */,
				538E2D8E1D87A4F900FC55AF /* MASConstraintMaker.m in Sources */,
				538E2D941D87A4F900FC55AF /* View+MASAdditions.m in Sources */,
				53970AD81D90C967004857B7 /* managementimageView.m in Sources */,
				538E2DA41D87A4F900FC55AF /* UIImageView+WebCache.m in Sources */,
				535E426A1D91524900570A07 /* writetripimageView.m in Sources */,
				531035211D92D9A00079E517 /* MyFootView.m in Sources */,
				538E2DA21D87A4F900FC55AF /* UIImage+WebP.m in Sources */,
				538E2D981D87A4F900FC55AF /* SDImageCache.m in Sources */,
				530B97E71D806CDC0074454C /* myViewController.m in Sources */,
				538E2DA11D87A4F900FC55AF /* UIImage+MultiFormat.m in Sources */,
				538E2D9C1D87A4F900FC55AF /* SDWebImageDownloaderOperation.m in Sources */,
				538E2D901D87A4F900FC55AF /* MASViewAttribute.m in Sources */,
				539DD3C81D937F0100FBA78A /* manageTableViewCell2.m in Sources */,
				53970AE51D910FC9004857B7 /* tableView.m in Sources */,
				538E2DBC1D87A53800FC55AF /* FMResultSet.m in Sources */,
				538E2DA31D87A4F900FC55AF /* UIImageView+HighlightedWebCache.m in Sources */,
				538E2D4E1D87A4B300FC55AF /* AFURLResponseSerialization.m in Sources */,
				53ACB3931D94D25D005C9A61 /* dialimageView.m in Sources */,
				538E2D931D87A4F900FC55AF /* NSLayoutConstraint+MASDebugAdditions.m in Sources */,
				5310351E1D92D96B0079E517 /* MyHeadView.m in Sources */,
				538E2DBD1D87A53800FC55AF /* MBProgressHUD+XMG.m in Sources */,
				538E2D4A1D87A4B300FC55AF /* AFHTTPSessionManager.m in Sources */,
				535E42671D91523700570A07 /* addtripimageView.m in Sources */,
				530B97BB1D8060110074454C /* ViewController.m in Sources */,
				538E2D971D87A4F900FC55AF /* NSData+ImageContentType.m in Sources */,
				530B97B81D8060110074454C /* AppDelegate.mm in Sources */,
				53763D581D927DF200A5C804 /* imagecollectionViewController.m in Sources */,
				538E2D921D87A4F900FC55AF /* NSArray+MASAdditions.m in Sources */,
				53ACB3961D94D84C005C9A61 /* addimageView.m in Sources */,
				530B97B51D8060110074454C /* main.m in Sources */,
				538E2D9A1D87A4F900FC55AF /* SDWebImageDecoder.m in Sources */,
				538E2D911D87A4F900FC55AF /* MASViewConstraint.m in Sources */,
				53763D5B1D9280B000A5C804 /* imageCollectionViewCell.m in Sources */,
				530B97D21D806BD10074454C /* mainViewController.m in Sources */,
				5310FB0A1D8FC7ED00F855FE /* pictripimageView.m in Sources */,
				538E2D4C1D87A4B300FC55AF /* AFSecurityPolicy.m in Sources */,
				539DD3CB1D937F0E00FBA78A /* manageTableViewCell3.m in Sources */,
				53970AE21D910A63004857B7 /* moretripViewController.m in Sources */,
				53ACB3A41D9541DC005C9A61 /* bottomimageView.m in Sources */,
				538E2DCB1D88072200FC55AF /* tripimageView.m in Sources */,
				538E2D8F1D87A4F900FC55AF /* MASLayoutConstraint.m in Sources */,
				538E2D9E1D87A4F900FC55AF /* SDWebImagePrefetcher.m in Sources */,
				538E2D961D87A4F900FC55AF /* MKAnnotationView+WebCache.m in Sources */,
				538E2DA01D87A4F900FC55AF /* UIImage+GIF.m in Sources */,
				53ACB3991D951215005C9A61 /* jinxuanimageView.m in Sources */,
				5310FB0D1D8FD5AF00F855FE /* navigationimageView.m in Sources */,
				538E2DBB1D87A53800FC55AF /* FMDatabaseQueue.m in Sources */,
				539DD3BB1D936FFE00FBA78A /* tripnavViewController.m in Sources */,
				538E2DB81D87A53800FC55AF /* FMDatabase.m in Sources */,
				53ACB3AD1D95466B005C9A61 /* qrcodeViewController.m in Sources */,
				530B97E01D806CA60074454C /* foundViewController.m in Sources */,
			);
			runOnlyForDeploymentPostprocessing = 0;
		};
/* End PBXSourcesBuildPhase section */

/* Begin PBXVariantGroup section */
		530B97BC1D8060110074454C /* Main.storyboard */ = {
			isa = PBXVariantGroup;
			children = (
				530B97BD1D8060110074454C /* Base */,
			);
			name = Main.storyboard;
			path = newtravel;
			sourceTree = "<group>";
		};
		530B97C11D8060110074454C /* LaunchScreen.storyboard */ = {
			isa = PBXVariantGroup;
			children = (
				530B97C21D8060110074454C /* Base */,
			);
			name = LaunchScreen.storyboard;
			path = newtravel;
			sourceTree = "<group>";
		};
/* End PBXVariantGroup section */

/* Begin XCBuildConfiguration section */
		530B97C51D8060110074454C /* Debug */ = {
			isa = XCBuildConfiguration;
			buildSettings = {
				ALWAYS_SEARCH_USER_PATHS = NO;
				CLANG_ANALYZER_NONNULL = YES;
				CLANG_CXX_LANGUAGE_STANDARD = "gnu++0x";
				CLANG_CXX_LIBRARY = "libc++";
				CLANG_ENABLE_MODULES = YES;
				CLANG_ENABLE_OBJC_ARC = YES;
				CLANG_WARN_BOOL_CONVERSION = YES;
				CLANG_WARN_CONSTANT_CONVERSION = YES;
				CLANG_WARN_DIRECT_OBJC_ISA_USAGE = YES_ERROR;
				CLANG_WARN_EMPTY_BODY = YES;
				CLANG_WARN_ENUM_CONVERSION = YES;
				CLANG_WARN_INFINITE_RECURSION = YES;
				CLANG_WARN_INT_CONVERSION = YES;
				CLANG_WARN_OBJC_ROOT_CLASS = YES_ERROR;
				CLANG_WARN_SUSPICIOUS_MOVE = YES;
				CLANG_WARN_UNREACHABLE_CODE = YES;
				CLANG_WARN__DUPLICATE_METHOD_MATCH = YES;
				"CODE_SIGN_IDENTITY[sdk=iphoneos*]" = "iPhone Developer";
				COPY_PHASE_STRIP = NO;
				DEBUG_INFORMATION_FORMAT = dwarf;
				ENABLE_STRICT_OBJC_MSGSEND = YES;
				ENABLE_TESTABILITY = YES;
				GCC_C_LANGUAGE_STANDARD = gnu99;
				GCC_DYNAMIC_NO_PIC = NO;
				GCC_NO_COMMON_BLOCKS = YES;
				GCC_OPTIMIZATION_LEVEL = 0;
				GCC_PREPROCESSOR_DEFINITIONS = (
					"DEBUG=1",
					"$(inherited)",
				);
				GCC_WARN_64_TO_32_BIT_CONVERSION = YES;
				GCC_WARN_ABOUT_RETURN_TYPE = YES_ERROR;
				GCC_WARN_UNDECLARED_SELECTOR = YES;
				GCC_WARN_UNINITIALIZED_AUTOS = YES_AGGRESSIVE;
				GCC_WARN_UNUSED_FUNCTION = YES;
				GCC_WARN_UNUSED_VARIABLE = YES;
				IPHONEOS_DEPLOYMENT_TARGET = 9.3;
				MTL_ENABLE_DEBUG_INFO = YES;
				ONLY_ACTIVE_ARCH = YES;
				SDKROOT = iphoneos;
				TARGETED_DEVICE_FAMILY = "1,2";
			};
			name = Debug;
		};
		530B97C61D8060110074454C /* Release */ = {
			isa = XCBuildConfiguration;
			buildSettings = {
				ALWAYS_SEARCH_USER_PATHS = NO;
				CLANG_ANALYZER_NONNULL = YES;
				CLANG_CXX_LANGUAGE_STANDARD = "gnu++0x";
				CLANG_CXX_LIBRARY = "libc++";
				CLANG_ENABLE_MODULES = YES;
				CLANG_ENABLE_OBJC_ARC = YES;
				CLANG_WARN_BOOL_CONVERSION = YES;
				CLANG_WARN_CONSTANT_CONVERSION = YES;
				CLANG_WARN_DIRECT_OBJC_ISA_USAGE = YES_ERROR;
				CLANG_WARN_EMPTY_BODY = YES;
				CLANG_WARN_ENUM_CONVERSION = YES;
				CLANG_WARN_INFINITE_RECURSION = YES;
				CLANG_WARN_INT_CONVERSION = YES;
				CLANG_WARN_OBJC_ROOT_CLASS = YES_ERROR;
				CLANG_WARN_SUSPICIOUS_MOVE = YES;
				CLANG_WARN_UNREACHABLE_CODE = YES;
				CLANG_WARN__DUPLICATE_METHOD_MATCH = YES;
				"CODE_SIGN_IDENTITY[sdk=iphoneos*]" = "iPhone Developer";
				COPY_PHASE_STRIP = NO;
				DEBUG_INFORMATION_FORMAT = "dwarf-with-dsym";
				ENABLE_NS_ASSERTIONS = NO;
				ENABLE_STRICT_OBJC_MSGSEND = YES;
				GCC_C_LANGUAGE_STANDARD = gnu99;
				GCC_NO_COMMON_BLOCKS = YES;
				GCC_WARN_64_TO_32_BIT_CONVERSION = YES;
				GCC_WARN_ABOUT_RETURN_TYPE = YES_ERROR;
				GCC_WARN_UNDECLARED_SELECTOR = YES;
				GCC_WARN_UNINITIALIZED_AUTOS = YES_AGGRESSIVE;
				GCC_WARN_UNUSED_FUNCTION = YES;
				GCC_WARN_UNUSED_VARIABLE = YES;
				IPHONEOS_DEPLOYMENT_TARGET = 9.3;
				MTL_ENABLE_DEBUG_INFO = NO;
				SDKROOT = iphoneos;
				TARGETED_DEVICE_FAMILY = "1,2";
				VALIDATE_PRODUCT = YES;
			};
			name = Release;
		};
		530B97C81D8060110074454C /* Debug */ = {
			isa = XCBuildConfiguration;
			buildSettings = {
				ASSETCATALOG_COMPILER_APPICON_NAME = AppIcon;
				CLANG_ENABLE_MODULES = YES;
				DEVELOPMENT_TEAM = 3637W6NRU9;
				FRAMEWORK_SEARCH_PATHS = (
					"$(inherited)",
					"$(PROJECT_DIR)/SMS_SDK",
					"$(PROJECT_DIR)/baidumap",
				);
				GCC_PRECOMPILE_PREFIX_HEADER = YES;
				GCC_PREFIX_HEADER = "$(SRCROOT)/newtravel/PrefixHeader.pch/";
				INFOPLIST_FILE = newtravel/Info.plist;
				LD_RUNPATH_SEARCH_PATHS = "$(inherited) @executable_path/Frameworks";
				PRODUCT_BUNDLE_IDENTIFIER = com.wangjungang.newtravel;
				PRODUCT_NAME = "$(TARGET_NAME)";
				SWIFT_OBJC_BRIDGING_HEADER = "newtravel-Bridging-Header.h";
				SWIFT_OPTIMIZATION_LEVEL = "-Onone";
				SWIFT_VERSION = 3.0;
			};
			name = Debug;
		};
		530B97C91D8060110074454C /* Release */ = {
			isa = XCBuildConfiguration;
			buildSettings = {
				ASSETCATALOG_COMPILER_APPICON_NAME = AppIcon;
				CLANG_ENABLE_MODULES = YES;
				DEVELOPMENT_TEAM = 3637W6NRU9;
				FRAMEWORK_SEARCH_PATHS = (
					"$(inherited)",
					"$(PROJECT_DIR)/SMS_SDK",
					"$(PROJECT_DIR)/baidumap",
				);
				GCC_PRECOMPILE_PREFIX_HEADER = YES;
				GCC_PREFIX_HEADER = "$(SRCROOT)/newtravel/PrefixHeader.pch/";
				INFOPLIST_FILE = newtravel/Info.plist;
				LD_RUNPATH_SEARCH_PATHS = "$(inherited) @executable_path/Frameworks";
				PRODUCT_BUNDLE_IDENTIFIER = com.wangjungang.newtravel;
				PRODUCT_NAME = "$(TARGET_NAME)";
				SWIFT_OBJC_BRIDGING_HEADER = "newtravel-Bridging-Header.h";
				SWIFT_VERSION = 3.0;
			};
			name = Release;
		};
/* End XCBuildConfiguration section */

/* Begin XCConfigurationList section */
		530B97AB1D8060110074454C /* Build configuration list for PBXProject "newtravel" */ = {
			isa = XCConfigurationList;
			buildConfigurations = (
				530B97C51D8060110074454C /* Debug */,
				530B97C61D8060110074454C /* Release */,
			);
			defaultConfigurationIsVisible = 0;
			defaultConfigurationName = Release;
		};
		530B97C71D8060110074454C /* Build configuration list for PBXNativeTarget "newtravel" */ = {
			isa = XCConfigurationList;
			buildConfigurations = (
				530B97C81D8060110074454C /* Debug */,
				530B97C91D8060110074454C /* Release */,
			);
			defaultConfigurationIsVisible = 0;
			defaultConfigurationName = Release;
		};
/* End XCConfigurationList section */
	};
	rootObject = 530B97A81D8060110074454C /* Project object */;
}
